{
  "version": 4,
  "terraform_version": "1.9.2",
  "serial": 6,
  "lineage": "f677a0d8-b435-1d95-bf19-4cb403076d4e",
  "outputs": {
    "cumulus_db_md_extract_codebuild_project_name": {
      "value": "ctorm-cumulus-db-md-extract",
      "type": "string"
    },
    "cumulus_db_md_extract_codebuild_role_arn": {
      "value": "arn:aws:iam::097260566921:role/ctorm-cumulus-db-md-extract-role",
      "type": "string"
    },
    "cumulus_db_md_extract_source_s3_uri": {
      "value": "s3://ctorm-dev-scratch/codebuild/cumulus-db-md-extract.zip",
      "type": "string"
    }
  },
  "resources": [
    {
      "mode": "data",
      "type": "archive_file",
      "name": "cumulus_db_md_extract",
      "provider": "provider[\"registry.terraform.io/hashicorp/archive\"]",
      "instances": [
        {
          "schema_version": 0,
          "attributes": {
            "exclude_symlink_directories": null,
            "excludes": [
              ".terraform",
              ".terraform/*",
              "terraform",
              "terraform/*"
            ],
            "id": "baed98d70a081d5ddd95b21dade6d5b45112af30",
            "output_base64sha256": "bS+Xh1vcj006QvtACc+o8twj7kCPntn13M4MAkySTvw=",
            "output_base64sha512": "bB6iw4IJxB+G1ieprcxj96PdqyZbKT6ahc6BbPDrK5ONIk43JvXrz0xbCXud8vubsLC5o46yqXIhXQUqBtMYjw==",
            "output_file_mode": null,
            "output_md5": "c5beacdcad3c55176fedde20acb8616f",
            "output_path": "./.terraform/cumulus-db-md-extract.zip",
            "output_sha": "baed98d70a081d5ddd95b21dade6d5b45112af30",
            "output_sha256": "6d2f97875bdc8f4d3a42fb4009cfa8f2dc23ee408f9ed9f5dcce0c024c924efc",
            "output_sha512": "6c1ea2c38209c41f86d627a9adcc63f7a3ddab265b293e9a85ce816cf0eb2b938d224e3726f5ebcf4c5b097b9df2fb9bb0b0b9a38eb2a972215d052a06d3188f",
            "output_size": 5074,
            "source": [],
            "source_content": null,
            "source_content_filename": null,
            "source_dir": "./..",
            "source_file": null,
            "type": "zip"
          },
          "sensitive_attributes": []
        }
      ]
    },
    {
      "mode": "data",
      "type": "aws_iam_policy_document",
      "name": "codebuild_db_md_extract",
      "provider": "provider[\"registry.terraform.io/hashicorp/aws\"]",
      "instances": [
        {
          "schema_version": 0,
          "attributes": {
            "id": "3670884144",
            "json": "{\n  \"Version\": \"2012-10-17\",\n  \"Statement\": [\n    {\n      \"Sid\": \"WriteCodeBuildLogs\",\n      \"Effect\": \"Allow\",\n      \"Action\": [\n        \"logs:PutLogEvents\",\n        \"logs:CreateLogStream\"\n      ],\n      \"Resource\": \"arn:aws:logs:us-west-2:097260566921:log-group:/aws/codebuild/ctorm-cumulus-db-md-extract:*\"\n    },\n    {\n      \"Sid\": \"ReadBuildSource\",\n      \"Effect\": \"Allow\",\n      \"Action\": [\n        \"s3:GetObjectVersion\",\n        \"s3:GetObject\"\n      ],\n      \"Resource\": \"arn:aws:s3:::ctorm-dev-scratch/codebuild/cumulus-db-md-extract.zip\"\n    },\n    {\n      \"Sid\": \"ListBuildSourceBucket\",\n      \"Effect\": \"Allow\",\n      \"Action\": \"s3:ListBucket\",\n      \"Resource\": \"arn:aws:s3:::ctorm-dev-scratch\",\n      \"Condition\": {\n        \"StringLike\": {\n          \"s3:prefix\": \"codebuild/*\"\n        }\n      }\n    },\n    {\n      \"Sid\": \"ReadDatabaseSecret\",\n      \"Effect\": \"Allow\",\n      \"Action\": [\n        \"secretsmanager:GetSecretValue\",\n        \"secretsmanager:DescribeSecret\"\n      ],\n      \"Resource\": \"arn:aws:secretsmanager:us-west-2:097260566921:secret:asf-cumulus-test_db_login20210811234727262600000001-Tks385\"\n    },\n    {\n      \"Sid\": \"AssumeCtormUploadRole\",\n      \"Effect\": \"Allow\",\n      \"Action\": \"sts:AssumeRole\",\n      \"Resource\": \"arn:aws:iam::871271927522:role/ctorm-dev-cumulus-db-md-extract-upload\"\n    },\n    {\n      \"Sid\": \"DescribeNetworkForVpcBuild\",\n      \"Effect\": \"Allow\",\n      \"Action\": [\n        \"ec2:DescribeVpcs\",\n        \"ec2:DescribeSubnets\",\n        \"ec2:DescribeSecurityGroups\",\n        \"ec2:DescribeNetworkInterfaces\"\n      ],\n      \"Resource\": \"*\"\n    },\n    {\n      \"Sid\": \"ManageCodeBuildNetworkInterfaces\",\n      \"Effect\": \"Allow\",\n      \"Action\": [\n        \"ec2:DeleteNetworkInterface\",\n        \"ec2:CreateNetworkInterface\"\n      ],\n      \"Resource\": \"*\"\n    },\n    {\n      \"Sid\": \"CreateCodeBuildNetworkInterfacePermission\",\n      \"Effect\": \"Allow\",\n      \"Action\": \"ec2:CreateNetworkInterfacePermission\",\n      \"Resource\": \"arn:aws:ec2:us-west-2:*:network-interface/*\",\n      \"Condition\": {\n        \"StringEquals\": {\n          \"ec2:AuthorizedService\": \"codebuild.amazonaws.com\"\n        }\n      }\n    }\n  ]\n}",
            "minified_json": "{\"Version\":\"2012-10-17\",\"Statement\":[{\"Sid\":\"WriteCodeBuildLogs\",\"Effect\":\"Allow\",\"Action\":[\"logs:PutLogEvents\",\"logs:CreateLogStream\"],\"Resource\":\"arn:aws:logs:us-west-2:097260566921:log-group:/aws/codebuild/ctorm-cumulus-db-md-extract:*\"},{\"Sid\":\"ReadBuildSource\",\"Effect\":\"Allow\",\"Action\":[\"s3:GetObjectVersion\",\"s3:GetObject\"],\"Resource\":\"arn:aws:s3:::ctorm-dev-scratch/codebuild/cumulus-db-md-extract.zip\"},{\"Sid\":\"ListBuildSourceBucket\",\"Effect\":\"Allow\",\"Action\":\"s3:ListBucket\",\"Resource\":\"arn:aws:s3:::ctorm-dev-scratch\",\"Condition\":{\"StringLike\":{\"s3:prefix\":\"codebuild/*\"}}},{\"Sid\":\"ReadDatabaseSecret\",\"Effect\":\"Allow\",\"Action\":[\"secretsmanager:GetSecretValue\",\"secretsmanager:DescribeSecret\"],\"Resource\":\"arn:aws:secretsmanager:us-west-2:097260566921:secret:asf-cumulus-test_db_login20210811234727262600000001-Tks385\"},{\"Sid\":\"AssumeCtormUploadRole\",\"Effect\":\"Allow\",\"Action\":\"sts:AssumeRole\",\"Resource\":\"arn:aws:iam::871271927522:role/ctorm-dev-cumulus-db-md-extract-upload\"},{\"Sid\":\"DescribeNetworkForVpcBuild\",\"Effect\":\"Allow\",\"Action\":[\"ec2:DescribeVpcs\",\"ec2:DescribeSubnets\",\"ec2:DescribeSecurityGroups\",\"ec2:DescribeNetworkInterfaces\"],\"Resource\":\"*\"},{\"Sid\":\"ManageCodeBuildNetworkInterfaces\",\"Effect\":\"Allow\",\"Action\":[\"ec2:DeleteNetworkInterface\",\"ec2:CreateNetworkInterface\"],\"Resource\":\"*\"},{\"Sid\":\"CreateCodeBuildNetworkInterfacePermission\",\"Effect\":\"Allow\",\"Action\":\"ec2:CreateNetworkInterfacePermission\",\"Resource\":\"arn:aws:ec2:us-west-2:*:network-interface/*\",\"Condition\":{\"StringEquals\":{\"ec2:AuthorizedService\":\"codebuild.amazonaws.com\"}}}]}",
            "override_json": null,
            "override_policy_documents": null,
            "policy_id": null,
            "source_json": null,
            "source_policy_documents": null,
            "statement": [
              {
                "actions": [
                  "logs:CreateLogStream",
                  "logs:PutLogEvents"
                ],
                "condition": [],
                "effect": "Allow",
                "not_actions": [],
                "not_principals": [],
                "not_resources": [],
                "principals": [],
                "resources": [
                  "arn:aws:logs:us-west-2:097260566921:log-group:/aws/codebuild/ctorm-cumulus-db-md-extract:*"
                ],
                "sid": "WriteCodeBuildLogs"
              },
              {
                "actions": [
                  "s3:GetObject",
                  "s3:GetObjectVersion"
                ],
                "condition": [],
                "effect": "Allow",
                "not_actions": [],
                "not_principals": [],
                "not_resources": [],
                "principals": [],
                "resources": [
                  "arn:aws:s3:::ctorm-dev-scratch/codebuild/cumulus-db-md-extract.zip"
                ],
                "sid": "ReadBuildSource"
              },
              {
                "actions": [
                  "s3:ListBucket"
                ],
                "condition": [
                  {
                    "test": "StringLike",
                    "values": [
                      "codebuild/*"
                    ],
                    "variable": "s3:prefix"
                  }
                ],
                "effect": "Allow",
                "not_actions": [],
                "not_principals": [],
                "not_resources": [],
                "principals": [],
                "resources": [
                  "arn:aws:s3:::ctorm-dev-scratch"
                ],
                "sid": "ListBuildSourceBucket"
              },
              {
                "actions": [
                  "secretsmanager:DescribeSecret",
                  "secretsmanager:GetSecretValue"
                ],
                "condition": [],
                "effect": "Allow",
                "not_actions": [],
                "not_principals": [],
                "not_resources": [],
                "principals": [],
                "resources": [
                  "arn:aws:secretsmanager:us-west-2:097260566921:secret:asf-cumulus-test_db_login20210811234727262600000001-Tks385"
                ],
                "sid": "ReadDatabaseSecret"
              },
              {
                "actions": [
                  "sts:AssumeRole"
                ],
                "condition": [],
                "effect": "Allow",
                "not_actions": [],
                "not_principals": [],
                "not_resources": [],
                "principals": [],
                "resources": [
                  "arn:aws:iam::871271927522:role/ctorm-dev-cumulus-db-md-extract-upload"
                ],
                "sid": "AssumeCtormUploadRole"
              },
              {
                "actions": [
                  "ec2:DescribeNetworkInterfaces",
                  "ec2:DescribeSecurityGroups",
                  "ec2:DescribeSubnets",
                  "ec2:DescribeVpcs"
                ],
                "condition": [],
                "effect": "Allow",
                "not_actions": [],
                "not_principals": [],
                "not_resources": [],
                "principals": [],
                "resources": [
                  "*"
                ],
                "sid": "DescribeNetworkForVpcBuild"
              },
              {
                "actions": [
                  "ec2:CreateNetworkInterface",
                  "ec2:DeleteNetworkInterface"
                ],
                "condition": [],
                "effect": "Allow",
                "not_actions": [],
                "not_principals": [],
                "not_resources": [],
                "principals": [],
                "resources": [
                  "*"
                ],
                "sid": "ManageCodeBuildNetworkInterfaces"
              },
              {
                "actions": [
                  "ec2:CreateNetworkInterfacePermission"
                ],
                "condition": [
                  {
                    "test": "StringEquals",
                    "values": [
                      "codebuild.amazonaws.com"
                    ],
                    "variable": "ec2:AuthorizedService"
                  }
                ],
                "effect": "Allow",
                "not_actions": [],
                "not_principals": [],
                "not_resources": [],
                "principals": [],
                "resources": [
                  "arn:aws:ec2:us-west-2:*:network-interface/*"
                ],
                "sid": "CreateCodeBuildNetworkInterfacePermission"
              }
            ],
            "version": "2012-10-17"
          },
          "sensitive_attributes": []
        }
      ]
    },
    {
      "mode": "data",
      "type": "aws_iam_policy_document",
      "name": "codebuild_db_md_extract_assume_role",
      "provider": "provider[\"registry.terraform.io/hashicorp/aws\"]",
      "instances": [
        {
          "schema_version": 0,
          "attributes": {
            "id": "1229436035",
            "json": "{\n  \"Version\": \"2012-10-17\",\n  \"Statement\": [\n    {\n      \"Effect\": \"Allow\",\n      \"Action\": \"sts:AssumeRole\",\n      \"Principal\": {\n        \"Service\": \"codebuild.amazonaws.com\"\n      }\n    }\n  ]\n}",
            "minified_json": "{\"Version\":\"2012-10-17\",\"Statement\":[{\"Effect\":\"Allow\",\"Action\":\"sts:AssumeRole\",\"Principal\":{\"Service\":\"codebuild.amazonaws.com\"}}]}",
            "override_json": null,
            "override_policy_documents": null,
            "policy_id": null,
            "source_json": null,
            "source_policy_documents": null,
            "statement": [
              {
                "actions": [
                  "sts:AssumeRole"
                ],
                "condition": [],
                "effect": "Allow",
                "not_actions": [],
                "not_principals": [],
                "not_resources": [],
                "principals": [
                  {
                    "identifiers": [
                      "codebuild.amazonaws.com"
                    ],
                    "type": "Service"
                  }
                ],
                "resources": [],
                "sid": ""
              }
            ],
            "version": "2012-10-17"
          },
          "sensitive_attributes": []
        }
      ]
    },
    {
      "mode": "managed",
      "type": "aws_cloudwatch_log_group",
      "name": "codebuild_db_md_extract",
      "provider": "provider[\"registry.terraform.io/hashicorp/aws\"]",
      "instances": [
        {
          "schema_version": 0,
          "attributes": {
            "arn": "arn:aws:logs:us-west-2:097260566921:log-group:/aws/codebuild/ctorm-cumulus-db-md-extract",
            "deletion_protection_enabled": false,
            "id": "/aws/codebuild/ctorm-cumulus-db-md-extract",
            "kms_key_id": "",
            "log_group_class": "STANDARD",
            "name": "/aws/codebuild/ctorm-cumulus-db-md-extract",
            "name_prefix": "",
            "region": "us-west-2",
            "retention_in_days": 14,
            "skip_destroy": false,
            "tags": null,
            "tags_all": {}
          },
          "sensitive_attributes": [],
          "private": "bnVsbA=="
        }
      ]
    },
    {
      "mode": "managed",
      "type": "aws_iam_role",
      "name": "codebuild_db_md_extract",
      "provider": "provider[\"registry.terraform.io/hashicorp/aws\"]",
      "instances": [
        {
          "schema_version": 0,
          "attributes": {
            "arn": "arn:aws:iam::097260566921:role/ctorm-cumulus-db-md-extract-role",
            "assume_role_policy": "{\"Statement\":[{\"Action\":\"sts:AssumeRole\",\"Effect\":\"Allow\",\"Principal\":{\"Service\":\"codebuild.amazonaws.com\"}}],\"Version\":\"2012-10-17\"}",
            "create_date": "2026-06-24T19:45:21Z",
            "description": "",
            "force_detach_policies": false,
            "id": "ctorm-cumulus-db-md-extract-role",
            "inline_policy": [],
            "managed_policy_arns": [],
            "max_session_duration": 3600,
            "name": "ctorm-cumulus-db-md-extract-role",
            "name_prefix": "",
            "path": "/",
            "permissions_boundary": "",
            "tags": null,
            "tags_all": {},
            "unique_id": "AROARNJJOPGEV76IAVBEI"
          },
          "sensitive_attributes": [],
          "private": "bnVsbA==",
          "dependencies": [
            "data.aws_iam_policy_document.codebuild_db_md_extract_assume_role"
          ]
        }
      ]
    },
    {
      "mode": "managed",
      "type": "aws_iam_role_policy",
      "name": "codebuild_db_md_extract",
      "provider": "provider[\"registry.terraform.io/hashicorp/aws\"]",
      "instances": [
        {
          "schema_version": 0,
          "attributes": {
            "id": "ctorm-cumulus-db-md-extract-role:ctorm-cumulus-db-md-extract-policy",
            "name": "ctorm-cumulus-db-md-extract-policy",
            "name_prefix": "",
            "policy": "{\"Version\":\"2012-10-17\",\"Statement\":[{\"Action\":[\"logs:PutLogEvents\",\"logs:CreateLogStream\"],\"Effect\":\"Allow\",\"Resource\":\"arn:aws:logs:us-west-2:097260566921:log-group:/aws/codebuild/ctorm-cumulus-db-md-extract:*\",\"Sid\":\"WriteCodeBuildLogs\"},{\"Action\":[\"s3:GetObjectVersion\",\"s3:GetObject\"],\"Effect\":\"Allow\",\"Resource\":\"arn:aws:s3:::ctorm-dev-scratch/codebuild/cumulus-db-md-extract.zip\",\"Sid\":\"ReadBuildSource\"},{\"Action\":\"s3:ListBucket\",\"Condition\":{\"StringLike\":{\"s3:prefix\":\"codebuild/*\"}},\"Effect\":\"Allow\",\"Resource\":\"arn:aws:s3:::ctorm-dev-scratch\",\"Sid\":\"ListBuildSourceBucket\"},{\"Action\":[\"secretsmanager:GetSecretValue\",\"secretsmanager:DescribeSecret\"],\"Effect\":\"Allow\",\"Resource\":\"arn:aws:secretsmanager:us-west-2:097260566921:secret:asf-cumulus-test_db_login20210811234727262600000001-Tks385\",\"Sid\":\"ReadDatabaseSecret\"},{\"Action\":\"sts:AssumeRole\",\"Effect\":\"Allow\",\"Resource\":\"arn:aws:iam::871271927522:role/ctorm-dev-cumulus-db-md-extract-upload\",\"Sid\":\"AssumeCtormUploadRole\"},{\"Action\":[\"ec2:DescribeVpcs\",\"ec2:DescribeSubnets\",\"ec2:DescribeSecurityGroups\",\"ec2:DescribeNetworkInterfaces\"],\"Effect\":\"Allow\",\"Resource\":\"*\",\"Sid\":\"DescribeNetworkForVpcBuild\"},{\"Action\":[\"ec2:DeleteNetworkInterface\",\"ec2:CreateNetworkInterface\"],\"Effect\":\"Allow\",\"Resource\":\"*\",\"Sid\":\"ManageCodeBuildNetworkInterfaces\"},{\"Action\":\"ec2:CreateNetworkInterfacePermission\",\"Condition\":{\"StringEquals\":{\"ec2:AuthorizedService\":\"codebuild.amazonaws.com\"}},\"Effect\":\"Allow\",\"Resource\":\"arn:aws:ec2:us-west-2:*:network-interface/*\",\"Sid\":\"CreateCodeBuildNetworkInterfacePermission\"}]}",
            "role": "ctorm-cumulus-db-md-extract-role"
          },
          "sensitive_attributes": [],
          "private": "bnVsbA==",
          "dependencies": [
            "aws_cloudwatch_log_group.codebuild_db_md_extract",
            "aws_iam_role.codebuild_db_md_extract",
            "data.aws_iam_policy_document.codebuild_db_md_extract",
            "data.aws_iam_policy_document.codebuild_db_md_extract_assume_role"
          ]
        }
      ]
    }
  ],
  "check_results": null
}
