{
  "version": 4,
  "terraform_version": "1.9.2",
  "serial": 83,
  "lineage": "a3a663d5-6583-392e-e2a7-75d38c4c2886",
  "outputs": {
    "cumulus_db_md_extract_codebuild_project_name": {
      "value": "ctorm-cumulus-db-md-extract",
      "type": "string"
    },
    "cumulus_db_md_extract_codebuild_role_arn": {
      "value": "arn:aws:iam::510296831643:role/ctorm-cumulus-db-md-extract-role",
      "type": "string"
    },
    "cumulus_db_md_extract_source_s3_uri": {
      "value": "s3://ctorm-cumulus-db-md-extract-source-1643/codebuild/cumulus-db-md-extract.zip",
      "type": "string"
    }
  },
  "resources": [
    {
      "mode": "data",
      "type": "archive_file",
      "name": "cumulus_db_md_extract",
      "provider": "provider[\"registry.terraform.io/hashicorp/archive\"]",
      "instances": [
        {
          "schema_version": 0,
          "attributes": {
            "exclude_symlink_directories": null,
            "excludes": [
              ".terraform",
              ".terraform/*",
              "terraform",
              "terraform/*"
            ],
            "id": "4fcb5b972a11469fb57186a2e6efd6b5891c2f41",
            "output_base64sha256": "7FUj2CMI44/OgXL1A1YHsvoZ/3AtgOz63ZyiKoOZN3M=",
            "output_base64sha512": "dyN57NtzXihAKHxJioCsORk+6seeqMPqmOjRjZ/MGtoqISkL/zQBVIy+bMmMzSWV9TWAQjgrVrNlyR/n32V7fA==",
            "output_file_mode": null,
            "output_md5": "b1956744784cbb7f29513ed64d125aa8",
            "output_path": "./.terraform/cumulus-db-md-extract.zip",
            "output_sha": "4fcb5b972a11469fb57186a2e6efd6b5891c2f41",
            "output_sha256": "ec5523d82308e38fce8172f5035607b2fa19ff702d80ecfadd9ca22a83993773",
            "output_sha512": "772379ecdb735e2840287c498a80ac39193eeac79ea8c3ea98e8d18d9fcc1ada2a21290bff3401548cbe6cc98ccd2595f5358042382b56b365c91fe7df657b7c",
            "output_size": 6385,
            "source": [],
            "source_content": null,
            "source_content_filename": null,
            "source_dir": "./..",
            "source_file": null,
            "type": "zip"
          },
          "sensitive_attributes": []
        }
      ]
    },
    {
      "mode": "data",
      "type": "aws_caller_identity",
      "name": "current",
      "provider": "provider[\"registry.terraform.io/hashicorp/aws\"]",
      "instances": [
        {
          "schema_version": 0,
          "attributes": {
            "account_id": "510296831643",
            "arn": "arn:aws:iam::510296831643:user/NGAPShApplicationDeveloper-bbarton1-941",
            "id": "510296831643",
            "user_id": "AIDAXNUAPW2NZFPXV6JKY"
          },
          "sensitive_attributes": []
        }
      ]
    },
    {
      "mode": "data",
      "type": "aws_iam_policy_document",
      "name": "codebuild_db_md_extract",
      "provider": "provider[\"registry.terraform.io/hashicorp/aws\"]",
      "instances": [
        {
          "schema_version": 0,
          "attributes": {
            "id": "3636791408",
            "json": "{\n  \"Version\": \"2012-10-17\",\n  \"Statement\": [\n    {\n      \"Sid\": \"WriteCodeBuildLogs\",\n      \"Effect\": \"Allow\",\n      \"Action\": [\n        \"logs:PutLogEvents\",\n        \"logs:CreateLogStream\"\n      ],\n      \"Resource\": \"arn:aws:logs:us-west-2:510296831643:log-group:/aws/codebuild/ctorm-cumulus-db-md-extract:*\"\n    },\n    {\n      \"Sid\": \"ReadBuildSource\",\n      \"Effect\": \"Allow\",\n      \"Action\": [\n        \"s3:GetObjectVersion\",\n        \"s3:GetObject\"\n      ],\n      \"Resource\": \"arn:aws:s3:::ctorm-cumulus-db-md-extract-source-1643/codebuild/cumulus-db-md-extract.zip\"\n    },\n    {\n      \"Sid\": \"ListBuildSourceBucket\",\n      \"Effect\": \"Allow\",\n      \"Action\": \"s3:ListBucket\",\n      \"Resource\": \"arn:aws:s3:::ctorm-cumulus-db-md-extract-source-1643\",\n      \"Condition\": {\n        \"StringLike\": {\n          \"s3:prefix\": \"codebuild/*\"\n        }\n      }\n    },\n    {\n      \"Sid\": \"ReadDatabaseSecret\",\n      \"Effect\": \"Allow\",\n      \"Action\": [\n        \"secretsmanager:GetSecretValue\",\n        \"secretsmanager:DescribeSecret\"\n      ],\n      \"Resource\": \"arn:aws:secretsmanager:us-west-2:510296831643:secret:asf-cumulus-prod_db_login20210805193117427100000001-PKZnmc\"\n    },\n    {\n      \"Sid\": \"AssumeCtormAccountUploadRole\",\n      \"Effect\": \"Allow\",\n      \"Action\": \"sts:AssumeRole\",\n      \"Resource\": \"arn:aws:iam::097260566921:role/ctorm-cumulus-db-md-extract-upload\"\n    },\n    {\n      \"Sid\": \"DescribeNetworkForVpcBuild\",\n      \"Effect\": \"Allow\",\n      \"Action\": [\n        \"ec2:DescribeVpcs\",\n        \"ec2:DescribeSubnets\",\n        \"ec2:DescribeSecurityGroups\",\n        \"ec2:DescribeRouteTables\",\n        \"ec2:DescribeNetworkInterfaces\",\n        \"ec2:DescribeDhcpOptions\",\n        \"ec2:DeleteNetworkInterface\",\n        \"ec2:CreateNetworkInterface\"\n      ],\n      \"Resource\": \"*\"\n    },\n    {\n      \"Sid\": \"CreateCodeBuildNetworkInterfacePermission\",\n      \"Effect\": \"Allow\",\n      \"Action\": \"ec2:CreateNetworkInterfacePermission\",\n      \"Resource\": \"arn:aws:ec2:us-west-2:*:network-interface/*\",\n      \"Condition\": {\n        \"StringEquals\": {\n          \"ec2:AuthorizedService\": \"codebuild.amazonaws.com\"\n        }\n      }\n    }\n  ]\n}",
            "minified_json": "{\"Version\":\"2012-10-17\",\"Statement\":[{\"Sid\":\"WriteCodeBuildLogs\",\"Effect\":\"Allow\",\"Action\":[\"logs:PutLogEvents\",\"logs:CreateLogStream\"],\"Resource\":\"arn:aws:logs:us-west-2:510296831643:log-group:/aws/codebuild/ctorm-cumulus-db-md-extract:*\"},{\"Sid\":\"ReadBuildSource\",\"Effect\":\"Allow\",\"Action\":[\"s3:GetObjectVersion\",\"s3:GetObject\"],\"Resource\":\"arn:aws:s3:::ctorm-cumulus-db-md-extract-source-1643/codebuild/cumulus-db-md-extract.zip\"},{\"Sid\":\"ListBuildSourceBucket\",\"Effect\":\"Allow\",\"Action\":\"s3:ListBucket\",\"Resource\":\"arn:aws:s3:::ctorm-cumulus-db-md-extract-source-1643\",\"Condition\":{\"StringLike\":{\"s3:prefix\":\"codebuild/*\"}}},{\"Sid\":\"ReadDatabaseSecret\",\"Effect\":\"Allow\",\"Action\":[\"secretsmanager:GetSecretValue\",\"secretsmanager:DescribeSecret\"],\"Resource\":\"arn:aws:secretsmanager:us-west-2:510296831643:secret:asf-cumulus-prod_db_login20210805193117427100000001-PKZnmc\"},{\"Sid\":\"AssumeCtormAccountUploadRole\",\"Effect\":\"Allow\",\"Action\":\"sts:AssumeRole\",\"Resource\":\"arn:aws:iam::097260566921:role/ctorm-cumulus-db-md-extract-upload\"},{\"Sid\":\"DescribeNetworkForVpcBuild\",\"Effect\":\"Allow\",\"Action\":[\"ec2:DescribeVpcs\",\"ec2:DescribeSubnets\",\"ec2:DescribeSecurityGroups\",\"ec2:DescribeRouteTables\",\"ec2:DescribeNetworkInterfaces\",\"ec2:DescribeDhcpOptions\",\"ec2:DeleteNetworkInterface\",\"ec2:CreateNetworkInterface\"],\"Resource\":\"*\"},{\"Sid\":\"CreateCodeBuildNetworkInterfacePermission\",\"Effect\":\"Allow\",\"Action\":\"ec2:CreateNetworkInterfacePermission\",\"Resource\":\"arn:aws:ec2:us-west-2:*:network-interface/*\",\"Condition\":{\"StringEquals\":{\"ec2:AuthorizedService\":\"codebuild.amazonaws.com\"}}}]}",
            "override_json": null,
            "override_policy_documents": null,
            "policy_id": null,
            "source_json": null,
            "source_policy_documents": null,
            "statement": [
              {
                "actions": [
                  "logs:CreateLogStream",
                  "logs:PutLogEvents"
                ],
                "condition": [],
                "effect": "Allow",
                "not_actions": [],
                "not_principals": [],
                "not_resources": [],
                "principals": [],
                "resources": [
                  "arn:aws:logs:us-west-2:510296831643:log-group:/aws/codebuild/ctorm-cumulus-db-md-extract:*"
                ],
                "sid": "WriteCodeBuildLogs"
              },
              {
                "actions": [
                  "s3:GetObject",
                  "s3:GetObjectVersion"
                ],
                "condition": [],
                "effect": "Allow",
                "not_actions": [],
                "not_principals": [],
                "not_resources": [],
                "principals": [],
                "resources": [
                  "arn:aws:s3:::ctorm-cumulus-db-md-extract-source-1643/codebuild/cumulus-db-md-extract.zip"
                ],
                "sid": "ReadBuildSource"
              },
              {
                "actions": [
                  "s3:ListBucket"
                ],
                "condition": [
                  {
                    "test": "StringLike",
                    "values": [
                      "codebuild/*"
                    ],
                    "variable": "s3:prefix"
                  }
                ],
                "effect": "Allow",
                "not_actions": [],
                "not_principals": [],
                "not_resources": [],
                "principals": [],
                "resources": [
                  "arn:aws:s3:::ctorm-cumulus-db-md-extract-source-1643"
                ],
                "sid": "ListBuildSourceBucket"
              },
              {
                "actions": [
                  "secretsmanager:DescribeSecret",
                  "secretsmanager:GetSecretValue"
                ],
                "condition": [],
                "effect": "Allow",
                "not_actions": [],
                "not_principals": [],
                "not_resources": [],
                "principals": [],
                "resources": [
                  "arn:aws:secretsmanager:us-west-2:510296831643:secret:asf-cumulus-prod_db_login20210805193117427100000001-PKZnmc"
                ],
                "sid": "ReadDatabaseSecret"
              },
              {
                "actions": [
                  "sts:AssumeRole"
                ],
                "condition": [],
                "effect": "Allow",
                "not_actions": [],
                "not_principals": [],
                "not_resources": [],
                "principals": [],
                "resources": [
                  "arn:aws:iam::097260566921:role/ctorm-cumulus-db-md-extract-upload"
                ],
                "sid": "AssumeCtormAccountUploadRole"
              },
              {
                "actions": [
                  "ec2:CreateNetworkInterface",
                  "ec2:DeleteNetworkInterface",
                  "ec2:DescribeDhcpOptions",
                  "ec2:DescribeNetworkInterfaces",
                  "ec2:DescribeRouteTables",
                  "ec2:DescribeSecurityGroups",
                  "ec2:DescribeSubnets",
                  "ec2:DescribeVpcs"
                ],
                "condition": [],
                "effect": "Allow",
                "not_actions": [],
                "not_principals": [],
                "not_resources": [],
                "principals": [],
                "resources": [
                  "*"
                ],
                "sid": "DescribeNetworkForVpcBuild"
              },
              {
                "actions": [
                  "ec2:CreateNetworkInterfacePermission"
                ],
                "condition": [
                  {
                    "test": "StringEquals",
                    "values": [
                      "codebuild.amazonaws.com"
                    ],
                    "variable": "ec2:AuthorizedService"
                  }
                ],
                "effect": "Allow",
                "not_actions": [],
                "not_principals": [],
                "not_resources": [],
                "principals": [],
                "resources": [
                  "arn:aws:ec2:us-west-2:*:network-interface/*"
                ],
                "sid": "CreateCodeBuildNetworkInterfacePermission"
              }
            ],
            "version": "2012-10-17"
          },
          "sensitive_attributes": []
        }
      ]
    },
    {
      "mode": "data",
      "type": "aws_iam_policy_document",
      "name": "codebuild_db_md_extract_assume_role",
      "provider": "provider[\"registry.terraform.io/hashicorp/aws\"]",
      "instances": [
        {
          "schema_version": 0,
          "attributes": {
            "id": "1229436035",
            "json": "{\n  \"Version\": \"2012-10-17\",\n  \"Statement\": [\n    {\n      \"Effect\": \"Allow\",\n      \"Action\": \"sts:AssumeRole\",\n      \"Principal\": {\n        \"Service\": \"codebuild.amazonaws.com\"\n      }\n    }\n  ]\n}",
            "minified_json": "{\"Version\":\"2012-10-17\",\"Statement\":[{\"Effect\":\"Allow\",\"Action\":\"sts:AssumeRole\",\"Principal\":{\"Service\":\"codebuild.amazonaws.com\"}}]}",
            "override_json": null,
            "override_policy_documents": null,
            "policy_id": null,
            "source_json": null,
            "source_policy_documents": null,
            "statement": [
              {
                "actions": [
                  "sts:AssumeRole"
                ],
                "condition": [],
                "effect": "Allow",
                "not_actions": [],
                "not_principals": [],
                "not_resources": [],
                "principals": [
                  {
                    "identifiers": [
                      "codebuild.amazonaws.com"
                    ],
                    "type": "Service"
                  }
                ],
                "resources": [],
                "sid": ""
              }
            ],
            "version": "2012-10-17"
          },
          "sensitive_attributes": []
        }
      ]
    },
    {
      "mode": "managed",
      "type": "aws_cloudwatch_log_group",
      "name": "codebuild_db_md_extract",
      "provider": "provider[\"registry.terraform.io/hashicorp/aws\"]",
      "instances": [
        {
          "schema_version": 0,
          "attributes": {
            "arn": "arn:aws:logs:us-west-2:510296831643:log-group:/aws/codebuild/ctorm-cumulus-db-md-extract",
            "deletion_protection_enabled": false,
            "id": "/aws/codebuild/ctorm-cumulus-db-md-extract",
            "kms_key_id": "",
            "log_group_class": "STANDARD",
            "name": "/aws/codebuild/ctorm-cumulus-db-md-extract",
            "name_prefix": "",
            "region": "us-west-2",
            "retention_in_days": 14,
            "skip_destroy": false,
            "tags": {},
            "tags_all": {}
          },
          "sensitive_attributes": [],
          "private": "bnVsbA=="
        }
      ]
    },
    {
      "mode": "managed",
      "type": "aws_codebuild_project",
      "name": "cumulus_db_md_extract",
      "provider": "provider[\"registry.terraform.io/hashicorp/aws\"]",
      "instances": [
        {
          "schema_version": 0,
          "attributes": {
            "arn": "arn:aws:codebuild:us-west-2:510296831643:project/ctorm-cumulus-db-md-extract",
            "artifacts": [
              {
                "artifact_identifier": "",
                "bucket_owner_access": "",
                "encryption_disabled": false,
                "location": "",
                "name": "",
                "namespace_type": "",
                "override_artifact_name": false,
                "packaging": "",
                "path": "",
                "type": "NO_ARTIFACTS"
              }
            ],
            "auto_retry_limit": 0,
            "badge_enabled": false,
            "badge_url": "",
            "build_batch_config": [],
            "build_timeout": 480,
            "cache": [
              {
                "cache_namespace": "",
                "location": "",
                "modes": [],
                "type": "NO_CACHE"
              }
            ],
            "concurrent_build_limit": 0,
            "description": "One-time Cumulus RDS metadata export to CTORM S3",
            "encryption_key": "arn:aws:kms:us-west-2:510296831643:alias/aws/s3",
            "environment": [
              {
                "certificate": "",
                "compute_type": "BUILD_GENERAL1_SMALL",
                "docker_server": [],
                "environment_variable": [
                  {
                    "name": "AWS_DEFAULT_REGION",
                    "type": "PLAINTEXT",
                    "value": "us-west-2"
                  },
                  {
                    "name": "CTORM_BUCKET",
                    "type": "PLAINTEXT",
                    "value": "ctorm-scratch"
                  },
                  {
                    "name": "DUMP_SUBDIR",
                    "type": "PLAINTEXT",
                    "value": "opera"
                  },
                  {
                    "name": "DB_SECRET_ARN",
                    "type": "PLAINTEXT",
                    "value": "arn:aws:secretsmanager:us-west-2:510296831643:secret:asf-cumulus-prod_db_login20210805193117427100000001-PKZnmc"
                  },
                  {
                    "name": "CTORM_S3_ROLE_ARN",
                    "type": "PLAINTEXT",
                    "value": "arn:aws:iam::097260566921:role/ctorm-cumulus-db-md-extract-upload"
                  }
                ],
                "fleet": [],
                "image": "aws/codebuild/amazonlinux2-x86_64-standard:5.0",
                "image_pull_credentials_type": "CODEBUILD",
                "privileged_mode": false,
                "registry_credential": [],
                "type": "LINUX_CONTAINER"
              }
            ],
            "file_system_locations": [],
            "id": "arn:aws:codebuild:us-west-2:510296831643:project/ctorm-cumulus-db-md-extract",
            "logs_config": [
              {
                "cloudwatch_logs": [
                  {
                    "group_name": "/aws/codebuild/ctorm-cumulus-db-md-extract",
                    "status": "ENABLED",
                    "stream_name": ""
                  }
                ],
                "s3_logs": [
                  {
                    "bucket_owner_access": "",
                    "encryption_disabled": false,
                    "location": "",
                    "status": "DISABLED"
                  }
                ]
              }
            ],
            "name": "ctorm-cumulus-db-md-extract",
            "project_visibility": "PRIVATE",
            "public_project_alias": "",
            "queued_timeout": 480,
            "region": "us-west-2",
            "resource_access_role": "",
            "secondary_artifacts": [],
            "secondary_source_version": [],
            "secondary_sources": [],
            "service_role": "arn:aws:iam::510296831643:role/ctorm-cumulus-db-md-extract-role",
            "source": [
              {
                "auth": [],
                "build_status_config": [],
                "buildspec": "buildspec.yaml",
                "git_clone_depth": 0,
                "git_submodules_config": [],
                "insecure_ssl": false,
                "location": "ctorm-cumulus-db-md-extract-source-1643/codebuild/cumulus-db-md-extract.zip",
                "report_build_status": false,
                "type": "S3"
              }
            ],
            "source_version": "",
            "tags": {},
            "tags_all": {},
            "vpc_config": [
              {
                "security_group_ids": [
                  "sg-0249655cac679df2c",
                  "sg-0ed18cd0fb6e79f58"
                ],
                "subnets": [
                  "subnet-02dda0af17b4a0d19"
                ],
                "vpc_id": "vpc-0e36a2fca2e2a73d5"
              }
            ]
          },
          "sensitive_attributes": [],
          "private": "bnVsbA==",
          "dependencies": [
            "aws_cloudwatch_log_group.codebuild_db_md_extract",
            "aws_iam_role.codebuild_db_md_extract",
            "aws_iam_role_policy.codebuild_db_md_extract",
            "aws_s3_bucket.codebuild_source",
            "aws_s3_object.cumulus_db_md_extract_source",
            "data.archive_file.cumulus_db_md_extract",
            "data.aws_caller_identity.current",
            "data.aws_iam_policy_document.codebuild_db_md_extract",
            "data.aws_iam_policy_document.codebuild_db_md_extract_assume_role"
          ]
        }
      ]
    },
    {
      "mode": "managed",
      "type": "aws_iam_role",
      "name": "codebuild_db_md_extract",
      "provider": "provider[\"registry.terraform.io/hashicorp/aws\"]",
      "instances": [
        {
          "schema_version": 0,
          "attributes": {
            "arn": "arn:aws:iam::510296831643:role/ctorm-cumulus-db-md-extract-role",
            "assume_role_policy": "{\"Statement\":[{\"Action\":\"sts:AssumeRole\",\"Effect\":\"Allow\",\"Principal\":{\"Service\":\"codebuild.amazonaws.com\"}}],\"Version\":\"2012-10-17\"}",
            "create_date": "2026-06-25T03:25:11Z",
            "description": "",
            "force_detach_policies": false,
            "id": "ctorm-cumulus-db-md-extract-role",
            "inline_policy": [
              {
                "name": "ctorm-cumulus-db-md-extract-policy",
                "policy": "{\"Version\":\"2012-10-17\",\"Statement\":[{\"Action\":[\"logs:PutLogEvents\",\"logs:CreateLogStream\"],\"Effect\":\"Allow\",\"Resource\":\"arn:aws:logs:us-west-2:510296831643:log-group:/aws/codebuild/ctorm-cumulus-db-md-extract:*\",\"Sid\":\"WriteCodeBuildLogs\"},{\"Action\":[\"s3:GetObjectVersion\",\"s3:GetObject\"],\"Effect\":\"Allow\",\"Resource\":\"arn:aws:s3:::ctorm-cumulus-db-md-extract-source-1643/codebuild/cumulus-db-md-extract.zip\",\"Sid\":\"ReadBuildSource\"},{\"Action\":\"s3:ListBucket\",\"Condition\":{\"StringLike\":{\"s3:prefix\":\"codebuild/*\"}},\"Effect\":\"Allow\",\"Resource\":\"arn:aws:s3:::ctorm-cumulus-db-md-extract-source-1643\",\"Sid\":\"ListBuildSourceBucket\"},{\"Action\":[\"secretsmanager:GetSecretValue\",\"secretsmanager:DescribeSecret\"],\"Effect\":\"Allow\",\"Resource\":\"arn:aws:secretsmanager:us-west-2:510296831643:secret:asf-cumulus-prod_db_login20210805193117427100000001-PKZnmc\",\"Sid\":\"ReadDatabaseSecret\"},{\"Action\":\"sts:AssumeRole\",\"Effect\":\"Allow\",\"Resource\":\"arn:aws:iam::097260566921:role/ctorm-cumulus-db-md-extract-upload\",\"Sid\":\"AssumeCtormAccountUploadRole\"},{\"Action\":[\"ec2:DescribeVpcs\",\"ec2:DescribeSubnets\",\"ec2:DescribeSecurityGroups\",\"ec2:DescribeRouteTables\",\"ec2:DescribeNetworkInterfaces\",\"ec2:DescribeDhcpOptions\",\"ec2:DeleteNetworkInterface\",\"ec2:CreateNetworkInterface\"],\"Effect\":\"Allow\",\"Resource\":\"*\",\"Sid\":\"DescribeNetworkForVpcBuild\"},{\"Action\":\"ec2:CreateNetworkInterfacePermission\",\"Condition\":{\"StringEquals\":{\"ec2:AuthorizedService\":\"codebuild.amazonaws.com\"}},\"Effect\":\"Allow\",\"Resource\":\"arn:aws:ec2:us-west-2:*:network-interface/*\",\"Sid\":\"CreateCodeBuildNetworkInterfacePermission\"}]}"
              }
            ],
            "managed_policy_arns": [],
            "max_session_duration": 3600,
            "name": "ctorm-cumulus-db-md-extract-role",
            "name_prefix": "",
            "path": "/",
            "permissions_boundary": "",
            "tags": {},
            "tags_all": {},
            "unique_id": "AROAXNUAPW2N44OBYZNKD"
          },
          "sensitive_attributes": [],
          "private": "bnVsbA==",
          "dependencies": [
            "data.aws_iam_policy_document.codebuild_db_md_extract_assume_role"
          ]
        }
      ]
    },
    {
      "mode": "managed",
      "type": "aws_iam_role_policy",
      "name": "codebuild_db_md_extract",
      "provider": "provider[\"registry.terraform.io/hashicorp/aws\"]",
      "instances": [
        {
          "schema_version": 0,
          "attributes": {
            "id": "ctorm-cumulus-db-md-extract-role:ctorm-cumulus-db-md-extract-policy",
            "name": "ctorm-cumulus-db-md-extract-policy",
            "name_prefix": "",
            "policy": "{\"Version\":\"2012-10-17\",\"Statement\":[{\"Action\":[\"logs:PutLogEvents\",\"logs:CreateLogStream\"],\"Effect\":\"Allow\",\"Resource\":\"arn:aws:logs:us-west-2:510296831643:log-group:/aws/codebuild/ctorm-cumulus-db-md-extract:*\",\"Sid\":\"WriteCodeBuildLogs\"},{\"Action\":[\"s3:GetObjectVersion\",\"s3:GetObject\"],\"Effect\":\"Allow\",\"Resource\":\"arn:aws:s3:::ctorm-cumulus-db-md-extract-source-1643/codebuild/cumulus-db-md-extract.zip\",\"Sid\":\"ReadBuildSource\"},{\"Action\":\"s3:ListBucket\",\"Condition\":{\"StringLike\":{\"s3:prefix\":\"codebuild/*\"}},\"Effect\":\"Allow\",\"Resource\":\"arn:aws:s3:::ctorm-cumulus-db-md-extract-source-1643\",\"Sid\":\"ListBuildSourceBucket\"},{\"Action\":[\"secretsmanager:GetSecretValue\",\"secretsmanager:DescribeSecret\"],\"Effect\":\"Allow\",\"Resource\":\"arn:aws:secretsmanager:us-west-2:510296831643:secret:asf-cumulus-prod_db_login20210805193117427100000001-PKZnmc\",\"Sid\":\"ReadDatabaseSecret\"},{\"Action\":\"sts:AssumeRole\",\"Effect\":\"Allow\",\"Resource\":\"arn:aws:iam::097260566921:role/ctorm-cumulus-db-md-extract-upload\",\"Sid\":\"AssumeCtormAccountUploadRole\"},{\"Action\":[\"ec2:DescribeVpcs\",\"ec2:DescribeSubnets\",\"ec2:DescribeSecurityGroups\",\"ec2:DescribeRouteTables\",\"ec2:DescribeNetworkInterfaces\",\"ec2:DescribeDhcpOptions\",\"ec2:DeleteNetworkInterface\",\"ec2:CreateNetworkInterface\"],\"Effect\":\"Allow\",\"Resource\":\"*\",\"Sid\":\"DescribeNetworkForVpcBuild\"},{\"Action\":\"ec2:CreateNetworkInterfacePermission\",\"Condition\":{\"StringEquals\":{\"ec2:AuthorizedService\":\"codebuild.amazonaws.com\"}},\"Effect\":\"Allow\",\"Resource\":\"arn:aws:ec2:us-west-2:*:network-interface/*\",\"Sid\":\"CreateCodeBuildNetworkInterfacePermission\"}]}",
            "role": "ctorm-cumulus-db-md-extract-role"
          },
          "sensitive_attributes": [],
          "private": "bnVsbA==",
          "dependencies": [
            "aws_cloudwatch_log_group.codebuild_db_md_extract",
            "aws_iam_role.codebuild_db_md_extract",
            "aws_s3_bucket.codebuild_source",
            "data.aws_caller_identity.current",
            "data.aws_iam_policy_document.codebuild_db_md_extract",
            "data.aws_iam_policy_document.codebuild_db_md_extract_assume_role"
          ]
        }
      ]
    },
    {
      "mode": "managed",
      "type": "aws_s3_bucket",
      "name": "codebuild_source",
      "provider": "provider[\"registry.terraform.io/hashicorp/aws\"]",
      "instances": [
        {
          "schema_version": 0,
          "attributes": {
            "acceleration_status": "",
            "acl": null,
            "arn": "arn:aws:s3:::ctorm-cumulus-db-md-extract-source-1643",
            "bucket": "ctorm-cumulus-db-md-extract-source-1643",
            "bucket_domain_name": "ctorm-cumulus-db-md-extract-source-1643.s3.amazonaws.com",
            "bucket_namespace": "global",
            "bucket_prefix": "",
            "bucket_region": "us-west-2",
            "bucket_regional_domain_name": "ctorm-cumulus-db-md-extract-source-1643.s3.us-west-2.amazonaws.com",
            "cors_rule": [],
            "force_destroy": true,
            "grant": [
              {
                "id": "a055848272cdca6935f41c8d486234d66c39ff78b8f9ef89db0d949987311ce3",
                "permissions": [
                  "FULL_CONTROL"
                ],
                "type": "CanonicalUser",
                "uri": ""
              }
            ],
            "hosted_zone_id": "Z3BJ6K6RIION7M",
            "id": "ctorm-cumulus-db-md-extract-source-1643",
            "lifecycle_rule": [],
            "logging": [],
            "object_lock_configuration": [],
            "object_lock_enabled": false,
            "policy": "",
            "region": "us-west-2",
            "replication_configuration": [],
            "request_payer": "BucketOwner",
            "server_side_encryption_configuration": [
              {
                "rule": [
                  {
                    "apply_server_side_encryption_by_default": [
                      {
                        "kms_master_key_id": "",
                        "sse_algorithm": "AES256"
                      }
                    ],
                    "bucket_key_enabled": false
                  }
                ]
              }
            ],
            "tags": {},
            "tags_all": {},
            "timeouts": null,
            "versioning": [
              {
                "enabled": false,
                "mfa_delete": false
              }
            ],
            "website": [],
            "website_domain": null,
            "website_endpoint": null
          },
          "sensitive_attributes": [],
          "private": "eyJlMmJmYjczMC1lY2FhLTExZTYtOGY4OC0zNDM2M2JjN2M0YzAiOnsiY3JlYXRlIjoxMjAwMDAwMDAwMDAwLCJkZWxldGUiOjM2MDAwMDAwMDAwMDAsInJlYWQiOjEyMDAwMDAwMDAwMDAsInVwZGF0ZSI6MTIwMDAwMDAwMDAwMH19",
          "dependencies": [
            "data.aws_caller_identity.current"
          ]
        }
      ]
    },
    {
      "mode": "managed",
      "type": "aws_s3_bucket_ownership_controls",
      "name": "codebuild_source",
      "provider": "provider[\"registry.terraform.io/hashicorp/aws\"]",
      "instances": [
        {
          "schema_version": 0,
          "attributes": {
            "bucket": "ctorm-cumulus-db-md-extract-source-1643",
            "id": "ctorm-cumulus-db-md-extract-source-1643",
            "region": "us-west-2",
            "rule": [
              {
                "object_ownership": "BucketOwnerEnforced"
              }
            ]
          },
          "sensitive_attributes": [],
          "private": "bnVsbA==",
          "dependencies": [
            "aws_s3_bucket.codebuild_source",
            "data.aws_caller_identity.current"
          ]
        }
      ]
    },
    {
      "mode": "managed",
      "type": "aws_s3_bucket_public_access_block",
      "name": "codebuild_source",
      "provider": "provider[\"registry.terraform.io/hashicorp/aws\"]",
      "instances": [
        {
          "schema_version": 0,
          "attributes": {
            "block_public_acls": true,
            "block_public_policy": true,
            "bucket": "ctorm-cumulus-db-md-extract-source-1643",
            "id": "ctorm-cumulus-db-md-extract-source-1643",
            "ignore_public_acls": true,
            "region": "us-west-2",
            "restrict_public_buckets": true,
            "skip_destroy": null
          },
          "sensitive_attributes": [],
          "private": "bnVsbA==",
          "dependencies": [
            "aws_s3_bucket.codebuild_source",
            "data.aws_caller_identity.current"
          ]
        }
      ]
    },
    {
      "mode": "managed",
      "type": "aws_s3_bucket_server_side_encryption_configuration",
      "name": "codebuild_source",
      "provider": "provider[\"registry.terraform.io/hashicorp/aws\"]",
      "instances": [
        {
          "schema_version": 0,
          "attributes": {
            "bucket": "ctorm-cumulus-db-md-extract-source-1643",
            "expected_bucket_owner": "",
            "id": "ctorm-cumulus-db-md-extract-source-1643",
            "region": "us-west-2",
            "rule": [
              {
                "apply_server_side_encryption_by_default": [
                  {
                    "kms_master_key_id": "",
                    "sse_algorithm": "AES256"
                  }
                ],
                "blocked_encryption_types": [
                  "SSE-C"
                ],
                "bucket_key_enabled": false
              }
            ]
          },
          "sensitive_attributes": [],
          "private": "bnVsbA==",
          "dependencies": [
            "aws_s3_bucket.codebuild_source",
            "data.aws_caller_identity.current"
          ]
        }
      ]
    },
    {
      "mode": "managed",
      "type": "aws_s3_object",
      "name": "cumulus_db_md_extract_source",
      "provider": "provider[\"registry.terraform.io/hashicorp/aws\"]",
      "instances": [
        {
          "schema_version": 0,
          "attributes": {
            "acl": null,
            "arn": "arn:aws:s3:::ctorm-cumulus-db-md-extract-source-1643/codebuild/cumulus-db-md-extract.zip",
            "bucket": "ctorm-cumulus-db-md-extract-source-1643",
            "bucket_key_enabled": false,
            "cache_control": "",
            "checksum_algorithm": null,
            "checksum_crc32": "",
            "checksum_crc32c": "",
            "checksum_crc64nvme": "",
            "checksum_sha1": "",
            "checksum_sha256": "",
            "content": null,
            "content_base64": null,
            "content_disposition": "",
            "content_encoding": "",
            "content_language": "",
            "content_type": "application/octet-stream",
            "etag": "b1956744784cbb7f29513ed64d125aa8",
            "force_destroy": false,
            "id": "ctorm-cumulus-db-md-extract-source-1643/codebuild/cumulus-db-md-extract.zip",
            "key": "codebuild/cumulus-db-md-extract.zip",
            "kms_key_id": null,
            "metadata": {},
            "object_lock_legal_hold_status": "",
            "object_lock_mode": "",
            "object_lock_retain_until_date": "",
            "override_provider": [],
            "region": "us-west-2",
            "server_side_encryption": "AES256",
            "source": "./.terraform/cumulus-db-md-extract.zip",
            "source_hash": "7FUj2CMI44/OgXL1A1YHsvoZ/3AtgOz63ZyiKoOZN3M=",
            "storage_class": "STANDARD",
            "tags": {},
            "tags_all": {},
            "version_id": "",
            "website_redirect": ""
          },
          "sensitive_attributes": [],
          "private": "bnVsbA==",
          "dependencies": [
            "aws_s3_bucket.codebuild_source",
            "data.archive_file.cumulus_db_md_extract",
            "data.aws_caller_identity.current"
          ]
        }
      ]
    }
  ],
  "check_results": null
}
