{
  "version": 4,
  "terraform_version": "1.9.2",
  "serial": 59,
  "lineage": "b892c75c-f0f0-4b0a-da62-f1b3dc822c9c",
  "outputs": {
    "cumulus_db_md_extract_upload_role_arn": {
      "value": "arn:aws:iam::871271927522:role/ctorm-dev-cumulus-db-md-extract-upload",
      "type": "string"
    },
    "granule_table_name": {
      "value": "ctorm-dev-granules",
      "type": "string"
    },
    "granules_dlq_url": {
      "value": "https://sqs.us-west-2.amazonaws.com/871271927522/ctorm-dev-granule-dlq",
      "type": "string"
    },
    "granules_queue_arn": {
      "value": "arn:aws:sqs:us-west-2:871271927522:ctorm-dev-granules",
      "type": "string"
    },
    "granules_queue_url": {
      "value": "https://sqs.us-west-2.amazonaws.com/871271927522/ctorm-dev-granules",
      "type": "string"
    },
    "scratch_bucket": {
      "value": "ctorm-dev-scratch",
      "type": "string"
    },
    "worker_lambda_name": {
      "value": "ctorm-dev-cnm-sender",
      "type": "string"
    }
  },
  "resources": [
    {
      "mode": "data",
      "type": "archive_file",
      "name": "granule_md_db_loader",
      "provider": "provider[\"registry.terraform.io/hashicorp/archive\"]",
      "instances": [
        {
          "schema_version": 0,
          "attributes": {
            "exclude_symlink_directories": null,
            "excludes": null,
            "id": "5def5225e70ce457c014d699b2bd3e2b93a9788e",
            "output_base64sha256": "2l9N9axvXGR72QAGstisV+owW750Yg5+/WqpWlJEqs4=",
            "output_base64sha512": "yt3czhsZeaAaC4zMOD5W5zjajGbY/Z09AXYEwpFDW2hmbfqTepKrLT5xoDg5zTEU4CnE2iQyza54OPqIOOZb+w==",
            "output_file_mode": null,
            "output_md5": "b6108bd6d78e6ebfc4b059f9b0e2f033",
            "output_path": "./.terraform/granule-md-db-loader.zip",
            "output_sha": "5def5225e70ce457c014d699b2bd3e2b93a9788e",
            "output_sha256": "da5f4df5ac6f5c647bd90006b2d8ac57ea305bbe74620e7efd6aa95a5244aace",
            "output_sha512": "cadddcce1b1979a01a0b8ccc383e56e738da8c66d8fd9d3d017604c291435b68666dfa937a92ab2d3e71a03839cd3114e029c4da2432cdae7838fa8838e65bfb",
            "output_size": 3128,
            "source": [],
            "source_content": null,
            "source_content_filename": null,
            "source_dir": "./../../granule-md-db-loader",
            "source_file": null,
            "type": "zip"
          },
          "sensitive_attributes": []
        }
      ]
    },
    {
      "mode": "data",
      "type": "archive_file",
      "name": "placeholder_lambda",
      "provider": "provider[\"registry.terraform.io/hashicorp/archive\"]",
      "instances": [
        {
          "schema_version": 0,
          "attributes": {
            "exclude_symlink_directories": null,
            "excludes": null,
            "id": "7451212364088fb05c08860c9d80f78e29fa76b5",
            "output_base64sha256": "3LlHRfCJOFrEdSXuSJS7yAtDPL5jCGSISf9F24E6zFY=",
            "output_base64sha512": "Kf1anE514t1db0WYLXSHASh7M23HxVS30uaMvh8f1CIpaAZXUvQtOBUrPgjvsxbko7IVN0lQ3U5t+ssVEs5A0Q==",
            "output_file_mode": null,
            "output_md5": "94564c5dd9caf22baaf170b00693c497",
            "output_path": "./placeholder-lambda.zip",
            "output_sha": "7451212364088fb05c08860c9d80f78e29fa76b5",
            "output_sha256": "dcb94745f089385ac47525ee4894bbc80b433cbe6308648849ff45db813acc56",
            "output_sha512": "29fd5a9c4e75e2dd5d6f45982d748701287b336dc7c554b7d2e68cbe1f1fd4222968065752f42d38152b3e08efb316e4a3b215374950dd4e6dfacb1512ce40d1",
            "output_size": 344,
            "source": [
              {
                "content": "import json\nimport os\n\ndef lambda_handler(event, context):\n    print(json.dumps({\n        \"event\": event,\n        \"granules_queue_url\": os.environ.get(\"GRANULES_QUEUE_URL\"),\n        \"table_name\": os.environ.get(\"TABLE_NAME\"),\n        \"cumulus_ingest_queue_url\": os.environ.get(\"CUMULUS_INGEST_QUEUE_URL\"),\n    }))\n\n    return {\n        \"ok\": True\n    }\n",
                "filename": "index.py"
              }
            ],
            "source_content": null,
            "source_content_filename": null,
            "source_dir": null,
            "source_file": null,
            "type": "zip"
          },
          "sensitive_attributes": []
        }
      ]
    },
    {
      "mode": "data",
      "type": "aws_iam_policy_document",
      "name": "allow_scratch_bucket_access",
      "provider": "provider[\"registry.terraform.io/hashicorp/aws\"]",
      "instances": [
        {
          "schema_version": 0,
          "attributes": {
            "id": "632361540",
            "json": "{\n  \"Version\": \"2012-10-17\",\n  \"Statement\": [\n    {\n      \"Effect\": \"Allow\",\n      \"Action\": [\n        \"s3:PutObject\",\n        \"s3:ListBucket\",\n        \"s3:GetObject\",\n        \"s3:DeleteObject\"\n      ],\n      \"Resource\": [\n        \"arn:aws:s3:::ctorm-dev-scratch/*\",\n        \"arn:aws:s3:::ctorm-dev-scratch\"\n      ]\n    }\n  ]\n}",
            "minified_json": "{\"Version\":\"2012-10-17\",\"Statement\":[{\"Effect\":\"Allow\",\"Action\":[\"s3:PutObject\",\"s3:ListBucket\",\"s3:GetObject\",\"s3:DeleteObject\"],\"Resource\":[\"arn:aws:s3:::ctorm-dev-scratch/*\",\"arn:aws:s3:::ctorm-dev-scratch\"]}]}",
            "override_json": null,
            "override_policy_documents": null,
            "policy_id": null,
            "source_json": null,
            "source_policy_documents": null,
            "statement": [
              {
                "actions": [
                  "s3:DeleteObject",
                  "s3:GetObject",
                  "s3:ListBucket",
                  "s3:PutObject"
                ],
                "condition": [],
                "effect": "Allow",
                "not_actions": [],
                "not_principals": [],
                "not_resources": [],
                "principals": [],
                "resources": [
                  "arn:aws:s3:::ctorm-dev-scratch",
                  "arn:aws:s3:::ctorm-dev-scratch/*"
                ],
                "sid": ""
              }
            ],
            "version": "2012-10-17"
          },
          "sensitive_attributes": []
        }
      ]
    },
    {
      "mode": "data",
      "type": "aws_iam_policy_document",
      "name": "cnm-sender",
      "provider": "provider[\"registry.terraform.io/hashicorp/aws\"]",
      "instances": [
        {
          "schema_version": 0,
          "attributes": {
            "id": "2517841586",
            "json": "{\n  \"Version\": \"2012-10-17\",\n  \"Statement\": [\n    {\n      \"Effect\": \"Allow\",\n      \"Action\": [\n        \"logs:PutLogEvents\",\n        \"logs:CreateLogStream\"\n      ],\n      \"Resource\": \"arn:aws:logs:us-west-2:871271927522:log-group:/aws/lambda/ctorm-dev-cnm-sender:*\"\n    },\n    {\n      \"Effect\": \"Allow\",\n      \"Action\": [\n        \"sqs:ReceiveMessage\",\n        \"sqs:GetQueueAttributes\",\n        \"sqs:DeleteMessage\"\n      ],\n      \"Resource\": \"arn:aws:sqs:us-west-2:871271927522:ctorm-dev-granules\"\n    },\n    {\n      \"Effect\": \"Allow\",\n      \"Action\": [\n        \"sqs:SendMessageBatch\",\n        \"sqs:SendMessage\"\n      ],\n      \"Resource\": \"arn:aws:sqs:us-west-2:123456789012:cumulus-ingest\"\n    },\n    {\n      \"Effect\": \"Allow\",\n      \"Action\": [\n        \"dynamodb:UpdateItem\",\n        \"dynamodb:Query\",\n        \"dynamodb:PutItem\",\n        \"dynamodb:GetItem\"\n      ],\n      \"Resource\": [\n        \"arn:aws:dynamodb:us-west-2:871271927522:table/ctorm-dev-granules/index/*\",\n        \"arn:aws:dynamodb:us-west-2:871271927522:table/ctorm-dev-granules\"\n      ]\n    }\n  ]\n}",
            "minified_json": "{\"Version\":\"2012-10-17\",\"Statement\":[{\"Effect\":\"Allow\",\"Action\":[\"logs:PutLogEvents\",\"logs:CreateLogStream\"],\"Resource\":\"arn:aws:logs:us-west-2:871271927522:log-group:/aws/lambda/ctorm-dev-cnm-sender:*\"},{\"Effect\":\"Allow\",\"Action\":[\"sqs:ReceiveMessage\",\"sqs:GetQueueAttributes\",\"sqs:DeleteMessage\"],\"Resource\":\"arn:aws:sqs:us-west-2:871271927522:ctorm-dev-granules\"},{\"Effect\":\"Allow\",\"Action\":[\"sqs:SendMessageBatch\",\"sqs:SendMessage\"],\"Resource\":\"arn:aws:sqs:us-west-2:123456789012:cumulus-ingest\"},{\"Effect\":\"Allow\",\"Action\":[\"dynamodb:UpdateItem\",\"dynamodb:Query\",\"dynamodb:PutItem\",\"dynamodb:GetItem\"],\"Resource\":[\"arn:aws:dynamodb:us-west-2:871271927522:table/ctorm-dev-granules/index/*\",\"arn:aws:dynamodb:us-west-2:871271927522:table/ctorm-dev-granules\"]}]}",
            "override_json": null,
            "override_policy_documents": null,
            "policy_id": null,
            "source_json": null,
            "source_policy_documents": null,
            "statement": [
              {
                "actions": [
                  "logs:CreateLogStream",
                  "logs:PutLogEvents"
                ],
                "condition": [],
                "effect": "Allow",
                "not_actions": [],
                "not_principals": [],
                "not_resources": [],
                "principals": [],
                "resources": [
                  "arn:aws:logs:us-west-2:871271927522:log-group:/aws/lambda/ctorm-dev-cnm-sender:*"
                ],
                "sid": ""
              },
              {
                "actions": [
                  "sqs:DeleteMessage",
                  "sqs:GetQueueAttributes",
                  "sqs:ReceiveMessage"
                ],
                "condition": [],
                "effect": "Allow",
                "not_actions": [],
                "not_principals": [],
                "not_resources": [],
                "principals": [],
                "resources": [
                  "arn:aws:sqs:us-west-2:871271927522:ctorm-dev-granules"
                ],
                "sid": ""
              },
              {
                "actions": [
                  "sqs:SendMessage",
                  "sqs:SendMessageBatch"
                ],
                "condition": [],
                "effect": "Allow",
                "not_actions": [],
                "not_principals": [],
                "not_resources": [],
                "principals": [],
                "resources": [
                  "arn:aws:sqs:us-west-2:123456789012:cumulus-ingest"
                ],
                "sid": ""
              },
              {
                "actions": [
                  "dynamodb:GetItem",
                  "dynamodb:PutItem",
                  "dynamodb:Query",
                  "dynamodb:UpdateItem"
                ],
                "condition": [],
                "effect": "Allow",
                "not_actions": [],
                "not_principals": [],
                "not_resources": [],
                "principals": [],
                "resources": [
                  "arn:aws:dynamodb:us-west-2:871271927522:table/ctorm-dev-granules",
                  "arn:aws:dynamodb:us-west-2:871271927522:table/ctorm-dev-granules/index/*"
                ],
                "sid": ""
              }
            ],
            "version": "2012-10-17"
          },
          "sensitive_attributes": []
        }
      ]
    },
    {
      "mode": "data",
      "type": "aws_iam_policy_document",
      "name": "cumulus_db_md_extract_upload",
      "provider": "provider[\"registry.terraform.io/hashicorp/aws\"]",
      "instances": [
        {
          "schema_version": 0,
          "attributes": {
            "id": "923578907",
            "json": "{\n  \"Version\": \"2012-10-17\",\n  \"Statement\": [\n    {\n      \"Sid\": \"UploadExtractedGranules\",\n      \"Effect\": \"Allow\",\n      \"Action\": [\n        \"s3:PutObject\",\n        \"s3:AbortMultipartUpload\"\n      ],\n      \"Resource\": \"arn:aws:s3:::ctorm-dev-scratch/cumulus-granules/*\"\n    },\n    {\n      \"Sid\": \"ListDestinationPrefix\",\n      \"Effect\": \"Allow\",\n      \"Action\": \"s3:ListBucket\",\n      \"Resource\": \"arn:aws:s3:::ctorm-dev-scratch\",\n      \"Condition\": {\n        \"StringLike\": {\n          \"s3:prefix\": \"cumulus-granules/*\"\n        }\n      }\n    }\n  ]\n}",
            "minified_json": "{\"Version\":\"2012-10-17\",\"Statement\":[{\"Sid\":\"UploadExtractedGranules\",\"Effect\":\"Allow\",\"Action\":[\"s3:PutObject\",\"s3:AbortMultipartUpload\"],\"Resource\":\"arn:aws:s3:::ctorm-dev-scratch/cumulus-granules/*\"},{\"Sid\":\"ListDestinationPrefix\",\"Effect\":\"Allow\",\"Action\":\"s3:ListBucket\",\"Resource\":\"arn:aws:s3:::ctorm-dev-scratch\",\"Condition\":{\"StringLike\":{\"s3:prefix\":\"cumulus-granules/*\"}}}]}",
            "override_json": null,
            "override_policy_documents": null,
            "policy_id": null,
            "source_json": null,
            "source_policy_documents": null,
            "statement": [
              {
                "actions": [
                  "s3:AbortMultipartUpload",
                  "s3:PutObject"
                ],
                "condition": [],
                "effect": "Allow",
                "not_actions": [],
                "not_principals": [],
                "not_resources": [],
                "principals": [],
                "resources": [
                  "arn:aws:s3:::ctorm-dev-scratch/cumulus-granules/*"
                ],
                "sid": "UploadExtractedGranules"
              },
              {
                "actions": [
                  "s3:ListBucket"
                ],
                "condition": [
                  {
                    "test": "StringLike",
                    "values": [
                      "cumulus-granules/*"
                    ],
                    "variable": "s3:prefix"
                  }
                ],
                "effect": "Allow",
                "not_actions": [],
                "not_principals": [],
                "not_resources": [],
                "principals": [],
                "resources": [
                  "arn:aws:s3:::ctorm-dev-scratch"
                ],
                "sid": "ListDestinationPrefix"
              }
            ],
            "version": "2012-10-17"
          },
          "sensitive_attributes": []
        }
      ]
    },
    {
      "mode": "data",
      "type": "aws_iam_policy_document",
      "name": "cumulus_db_md_extract_upload_assume_role",
      "provider": "provider[\"registry.terraform.io/hashicorp/aws\"]",
      "instances": [
        {
          "schema_version": 0,
          "attributes": {
            "id": "2827657917",
            "json": "{\n  \"Version\": \"2012-10-17\",\n  \"Statement\": [\n    {\n      \"Effect\": \"Allow\",\n      \"Action\": \"sts:AssumeRole\",\n      \"Principal\": {\n        \"AWS\": [\n          \"arn:aws:iam::871271927522:root\",\n          \"arn:aws:iam::725875338589:root\",\n          \"arn:aws:iam::510296831643:root\",\n          \"arn:aws:iam::372059463218:root\",\n          \"arn:aws:iam::097260566921:root\",\n          \"arn:aws:iam::082931748743:root\"\n        ]\n      },\n      \"Condition\": {\n        \"ArnLike\": {\n          \"aws:PrincipalArn\": [\n            \"arn:aws:iam::725875338589:role/ctorm-cumulus-db-md-extract-role\",\n            \"arn:aws:iam::725875338589:role/ctorm-*-cumulus-db-md-extract-role\",\n            \"arn:aws:iam::871271927522:role/ctorm-cumulus-db-md-extract-role\",\n            \"arn:aws:iam::871271927522:role/ctorm-*-cumulus-db-md-extract-role\",\n            \"arn:aws:iam::372059463218:role/ctorm-cumulus-db-md-extract-role\",\n            \"arn:aws:iam::372059463218:role/ctorm-*-cumulus-db-md-extract-role\",\n            \"arn:aws:iam::097260566921:role/ctorm-cumulus-db-md-extract-role\",\n            \"arn:aws:iam::097260566921:role/ctorm-*-cumulus-db-md-extract-role\",\n            \"arn:aws:iam::082931748743:role/ctorm-cumulus-db-md-extract-role\",\n            \"arn:aws:iam::082931748743:role/ctorm-*-cumulus-db-md-extract-role\",\n            \"arn:aws:iam::510296831643:role/ctorm-cumulus-db-md-extract-role\",\n            \"arn:aws:iam::510296831643:role/ctorm-*-cumulus-db-md-extract-role\"\n          ]\n        }\n      }\n    }\n  ]\n}",
            "minified_json": "{\"Version\":\"2012-10-17\",\"Statement\":[{\"Effect\":\"Allow\",\"Action\":\"sts:AssumeRole\",\"Principal\":{\"AWS\":[\"arn:aws:iam::871271927522:root\",\"arn:aws:iam::725875338589:root\",\"arn:aws:iam::510296831643:root\",\"arn:aws:iam::372059463218:root\",\"arn:aws:iam::097260566921:root\",\"arn:aws:iam::082931748743:root\"]},\"Condition\":{\"ArnLike\":{\"aws:PrincipalArn\":[\"arn:aws:iam::725875338589:role/ctorm-cumulus-db-md-extract-role\",\"arn:aws:iam::725875338589:role/ctorm-*-cumulus-db-md-extract-role\",\"arn:aws:iam::871271927522:role/ctorm-cumulus-db-md-extract-role\",\"arn:aws:iam::871271927522:role/ctorm-*-cumulus-db-md-extract-role\",\"arn:aws:iam::372059463218:role/ctorm-cumulus-db-md-extract-role\",\"arn:aws:iam::372059463218:role/ctorm-*-cumulus-db-md-extract-role\",\"arn:aws:iam::097260566921:role/ctorm-cumulus-db-md-extract-role\",\"arn:aws:iam::097260566921:role/ctorm-*-cumulus-db-md-extract-role\",\"arn:aws:iam::082931748743:role/ctorm-cumulus-db-md-extract-role\",\"arn:aws:iam::082931748743:role/ctorm-*-cumulus-db-md-extract-role\",\"arn:aws:iam::510296831643:role/ctorm-cumulus-db-md-extract-role\",\"arn:aws:iam::510296831643:role/ctorm-*-cumulus-db-md-extract-role\"]}}}]}",
            "override_json": null,
            "override_policy_documents": null,
            "policy_id": null,
            "source_json": null,
            "source_policy_documents": null,
            "statement": [
              {
                "actions": [
                  "sts:AssumeRole"
                ],
                "condition": [
                  {
                    "test": "ArnLike",
                    "values": [
                      "arn:aws:iam::725875338589:role/ctorm-cumulus-db-md-extract-role",
                      "arn:aws:iam::725875338589:role/ctorm-*-cumulus-db-md-extract-role",
                      "arn:aws:iam::871271927522:role/ctorm-cumulus-db-md-extract-role",
                      "arn:aws:iam::871271927522:role/ctorm-*-cumulus-db-md-extract-role",
                      "arn:aws:iam::372059463218:role/ctorm-cumulus-db-md-extract-role",
                      "arn:aws:iam::372059463218:role/ctorm-*-cumulus-db-md-extract-role",
                      "arn:aws:iam::097260566921:role/ctorm-cumulus-db-md-extract-role",
                      "arn:aws:iam::097260566921:role/ctorm-*-cumulus-db-md-extract-role",
                      "arn:aws:iam::082931748743:role/ctorm-cumulus-db-md-extract-role",
                      "arn:aws:iam::082931748743:role/ctorm-*-cumulus-db-md-extract-role",
                      "arn:aws:iam::510296831643:role/ctorm-cumulus-db-md-extract-role",
                      "arn:aws:iam::510296831643:role/ctorm-*-cumulus-db-md-extract-role"
                    ],
                    "variable": "aws:PrincipalArn"
                  }
                ],
                "effect": "Allow",
                "not_actions": [],
                "not_principals": [],
                "not_resources": [],
                "principals": [
                  {
                    "identifiers": [
                      "arn:aws:iam::082931748743:root",
                      "arn:aws:iam::097260566921:root",
                      "arn:aws:iam::372059463218:root",
                      "arn:aws:iam::510296831643:root",
                      "arn:aws:iam::725875338589:root",
                      "arn:aws:iam::871271927522:root"
                    ],
                    "type": "AWS"
                  }
                ],
                "resources": [],
                "sid": ""
              }
            ],
            "version": "2012-10-17"
          },
          "sensitive_attributes": []
        }
      ]
    },
    {
      "mode": "data",
      "type": "aws_iam_policy_document",
      "name": "lambda_assume_role",
      "provider": "provider[\"registry.terraform.io/hashicorp/aws\"]",
      "instances": [
        {
          "schema_version": 0,
          "attributes": {
            "id": "2690255455",
            "json": "{\n  \"Version\": \"2012-10-17\",\n  \"Statement\": [\n    {\n      \"Effect\": \"Allow\",\n      \"Action\": \"sts:AssumeRole\",\n      \"Principal\": {\n        \"Service\": \"lambda.amazonaws.com\"\n      }\n    }\n  ]\n}",
            "minified_json": "{\"Version\":\"2012-10-17\",\"Statement\":[{\"Effect\":\"Allow\",\"Action\":\"sts:AssumeRole\",\"Principal\":{\"Service\":\"lambda.amazonaws.com\"}}]}",
            "override_json": null,
            "override_policy_documents": null,
            "policy_id": null,
            "source_json": null,
            "source_policy_documents": null,
            "statement": [
              {
                "actions": [
                  "sts:AssumeRole"
                ],
                "condition": [],
                "effect": "Allow",
                "not_actions": [],
                "not_principals": [],
                "not_resources": [],
                "principals": [
                  {
                    "identifiers": [
                      "lambda.amazonaws.com"
                    ],
                    "type": "Service"
                  }
                ],
                "resources": [],
                "sid": ""
              }
            ],
            "version": "2012-10-17"
          },
          "sensitive_attributes": []
        }
      ]
    },
    {
      "mode": "managed",
      "type": "aws_cloudwatch_event_rule",
      "name": "every_minute",
      "provider": "provider[\"registry.terraform.io/hashicorp/aws\"]",
      "instances": [
        {
          "schema_version": 1,
          "attributes": {
            "arn": "arn:aws:events:us-west-2:871271927522:rule/ctorm-dev-every-minute",
            "description": "",
            "event_bus_name": "default",
            "event_pattern": null,
            "force_destroy": false,
            "id": "ctorm-dev-every-minute",
            "is_enabled": false,
            "name": "ctorm-dev-every-minute",
            "name_prefix": "",
            "role_arn": "",
            "schedule_expression": "rate(1 minute)",
            "state": "DISABLED",
            "tags": {},
            "tags_all": {}
          },
          "sensitive_attributes": [],
          "private": "eyJzY2hlbWFfdmVyc2lvbiI6IjEifQ=="
        }
      ]
    },
    {
      "mode": "managed",
      "type": "aws_cloudwatch_event_target",
      "name": "cnm-sender",
      "provider": "provider[\"registry.terraform.io/hashicorp/aws\"]",
      "instances": [
        {
          "schema_version": 1,
          "attributes": {
            "appsync_target": [],
            "arn": "arn:aws:lambda:us-west-2:871271927522:function:ctorm-dev-cnm-sender",
            "batch_target": [],
            "dead_letter_config": [],
            "ecs_target": [],
            "event_bus_name": "default",
            "force_destroy": false,
            "http_target": [],
            "id": "ctorm-dev-every-minute-terraform-20260610200222615700000001",
            "input": "{\"source\":\"eventbridge\"}",
            "input_path": "",
            "input_transformer": [],
            "kinesis_target": [],
            "redshift_target": [],
            "retry_policy": [],
            "role_arn": "",
            "rule": "ctorm-dev-every-minute",
            "run_command_targets": [],
            "sagemaker_pipeline_target": [],
            "sqs_target": [],
            "target_id": "terraform-20260610200222615700000001"
          },
          "sensitive_attributes": [],
          "private": "eyJzY2hlbWFfdmVyc2lvbiI6IjEifQ==",
          "dependencies": [
            "aws_cloudwatch_event_rule.every_minute",
            "aws_cloudwatch_log_group.cnm-sender",
            "aws_dynamodb_table.granules",
            "aws_iam_role.cnm-sender",
            "aws_iam_role_policy.cnm-sender",
            "aws_lambda_function.cnm-sender",
            "aws_sqs_queue.granules",
            "aws_sqs_queue.granules_dlq",
            "data.archive_file.placeholder_lambda",
            "data.aws_iam_policy_document.cnm-sender",
            "data.aws_iam_policy_document.lambda_assume_role"
          ]
        }
      ]
    },
    {
      "mode": "managed",
      "type": "aws_cloudwatch_log_group",
      "name": "cnm-sender",
      "provider": "provider[\"registry.terraform.io/hashicorp/aws\"]",
      "instances": [
        {
          "schema_version": 0,
          "attributes": {
            "arn": "arn:aws:logs:us-west-2:871271927522:log-group:/aws/lambda/ctorm-dev-cnm-sender",
            "id": "/aws/lambda/ctorm-dev-cnm-sender",
            "kms_key_id": "",
            "log_group_class": "STANDARD",
            "name": "/aws/lambda/ctorm-dev-cnm-sender",
            "name_prefix": "",
            "retention_in_days": 14,
            "skip_destroy": false,
            "tags": {},
            "tags_all": {}
          },
          "sensitive_attributes": [],
          "private": "bnVsbA=="
        }
      ]
    },
    {
      "mode": "managed",
      "type": "aws_codebuild_project",
      "name": "granule_md_db_loader",
      "provider": "provider[\"registry.terraform.io/hashicorp/aws\"]",
      "instances": [
        {
          "schema_version": 0,
          "attributes": {
            "arn": "arn:aws:codebuild:us-west-2:871271927522:project/ctorm-dev-granule-md-db-loader",
            "artifacts": [
              {
                "artifact_identifier": "",
                "bucket_owner_access": "",
                "encryption_disabled": false,
                "location": "",
                "name": "",
                "namespace_type": "",
                "override_artifact_name": false,
                "packaging": "",
                "path": "",
                "type": "NO_ARTIFACTS"
              }
            ],
            "badge_enabled": false,
            "badge_url": "",
            "build_batch_config": [],
            "build_timeout": 480,
            "cache": [
              {
                "location": "",
                "modes": [],
                "type": "NO_CACHE"
              }
            ],
            "concurrent_build_limit": 0,
            "description": "Imports granules jsonl.gz files from S3 to DynamoDB",
            "encryption_key": "arn:aws:kms:us-west-2:871271927522:alias/aws/s3",
            "environment": [
              {
                "certificate": "",
                "compute_type": "BUILD_GENERAL1_SMALL",
                "environment_variable": [
                  {
                    "name": "CTORM_BUCKET",
                    "type": "PLAINTEXT",
                    "value": "ctorm-dev-scratch"
                  },
                  {
                    "name": "TABLE_NAME",
                    "type": "PLAINTEXT",
                    "value": "ctorm-dev-granules"
                  },
                  {
                    "name": "PREFIX",
                    "type": "PLAINTEXT",
                    "value": "cumulus-granules/"
                  }
                ],
                "fleet": [],
                "image": "aws/codebuild/amazonlinux2-x86_64-standard:5.0",
                "image_pull_credentials_type": "CODEBUILD",
                "privileged_mode": false,
                "registry_credential": [],
                "type": "LINUX_CONTAINER"
              }
            ],
            "file_system_locations": [],
            "id": "arn:aws:codebuild:us-west-2:871271927522:project/ctorm-dev-granule-md-db-loader",
            "logs_config": [
              {
                "cloudwatch_logs": [
                  {
                    "group_name": "",
                    "status": "ENABLED",
                    "stream_name": ""
                  }
                ],
                "s3_logs": [
                  {
                    "bucket_owner_access": "",
                    "encryption_disabled": false,
                    "location": "",
                    "status": "DISABLED"
                  }
                ]
              }
            ],
            "name": "ctorm-dev-granule-md-db-loader",
            "project_visibility": "PRIVATE",
            "public_project_alias": "",
            "queued_timeout": 480,
            "resource_access_role": "",
            "secondary_artifacts": [],
            "secondary_source_version": [],
            "secondary_sources": [],
            "service_role": "arn:aws:iam::871271927522:role/ctorm-dev-codebuild-granule_md_db_loader-role",
            "source": [
              {
                "auth": [],
                "build_status_config": [],
                "buildspec": "",
                "git_clone_depth": 0,
                "git_submodules_config": [],
                "insecure_ssl": false,
                "location": "ctorm-dev-scratch/codebuild/granule-md-db-loader.zip",
                "report_build_status": false,
                "type": "S3"
              }
            ],
            "source_version": "",
            "tags": {},
            "tags_all": {},
            "vpc_config": []
          },
          "sensitive_attributes": [],
          "private": "bnVsbA==",
          "dependencies": [
            "aws_dynamodb_table.granules",
            "aws_iam_role.granule_md_db_loader_role",
            "aws_s3_bucket.scratch",
            "aws_s3_object.granule_md_db_loader_source",
            "data.archive_file.granule_md_db_loader"
          ]
        }
      ]
    },
    {
      "mode": "managed",
      "type": "aws_dynamodb_table",
      "name": "granules",
      "provider": "provider[\"registry.terraform.io/hashicorp/aws\"]",
      "instances": [
        {
          "schema_version": 1,
          "attributes": {
            "arn": "arn:aws:dynamodb:us-west-2:871271927522:table/ctorm-dev-granules",
            "attribute": [
              {
                "name": "gsi1pk",
                "type": "S"
              },
              {
                "name": "gsi1sk",
                "type": "S"
              },
              {
                "name": "pk",
                "type": "S"
              },
              {
                "name": "sk",
                "type": "S"
              }
            ],
            "billing_mode": "PAY_PER_REQUEST",
            "deletion_protection_enabled": false,
            "global_secondary_index": [
              {
                "hash_key": "gsi1pk",
                "name": "gsi1",
                "non_key_attributes": [],
                "on_demand_throughput": [],
                "projection_type": "ALL",
                "range_key": "gsi1sk",
                "read_capacity": 0,
                "write_capacity": 0
              }
            ],
            "hash_key": "pk",
            "id": "ctorm-dev-granules",
            "import_table": [],
            "local_secondary_index": [],
            "name": "ctorm-dev-granules",
            "on_demand_throughput": [],
            "point_in_time_recovery": [
              {
                "enabled": false,
                "recovery_period_in_days": 0
              }
            ],
            "range_key": "sk",
            "read_capacity": 0,
            "replica": [],
            "restore_date_time": null,
            "restore_source_name": null,
            "restore_source_table_arn": null,
            "restore_to_latest_time": null,
            "server_side_encryption": [],
            "stream_arn": "",
            "stream_enabled": false,
            "stream_label": "",
            "stream_view_type": "",
            "table_class": "STANDARD",
            "tags": null,
            "tags_all": {},
            "timeouts": null,
            "ttl": [
              {
                "attribute_name": "",
                "enabled": false
              }
            ],
            "write_capacity": 0
          },
          "sensitive_attributes": [],
          "private": "eyJlMmJmYjczMC1lY2FhLTExZTYtOGY4OC0zNDM2M2JjN2M0YzAiOnsiY3JlYXRlIjoxODAwMDAwMDAwMDAwLCJkZWxldGUiOjYwMDAwMDAwMDAwMCwidXBkYXRlIjozNjAwMDAwMDAwMDAwfSwic2NoZW1hX3ZlcnNpb24iOiIxIn0="
        }
      ]
    },
    {
      "mode": "managed",
      "type": "aws_iam_role",
      "name": "cnm-sender",
      "provider": "provider[\"registry.terraform.io/hashicorp/aws\"]",
      "instances": [
        {
          "schema_version": 0,
          "attributes": {
            "arn": "arn:aws:iam::871271927522:role/ctorm-dev-cnm-sender-role",
            "assume_role_policy": "{\"Statement\":[{\"Action\":\"sts:AssumeRole\",\"Effect\":\"Allow\",\"Principal\":{\"Service\":\"lambda.amazonaws.com\"}}],\"Version\":\"2012-10-17\"}",
            "create_date": "2026-06-10T20:01:24Z",
            "description": "",
            "force_detach_policies": false,
            "id": "ctorm-dev-cnm-sender-role",
            "inline_policy": [
              {
                "name": "ctorm-dev-cnm-sender-policy",
                "policy": "{\"Version\":\"2012-10-17\",\"Statement\":[{\"Action\":[\"logs:PutLogEvents\",\"logs:CreateLogStream\"],\"Effect\":\"Allow\",\"Resource\":\"arn:aws:logs:us-west-2:871271927522:log-group:/aws/lambda/ctorm-dev-cnm-sender:*\"},{\"Action\":[\"sqs:ReceiveMessage\",\"sqs:GetQueueAttributes\",\"sqs:DeleteMessage\"],\"Effect\":\"Allow\",\"Resource\":\"arn:aws:sqs:us-west-2:871271927522:ctorm-dev-granules\"},{\"Action\":[\"sqs:SendMessageBatch\",\"sqs:SendMessage\"],\"Effect\":\"Allow\",\"Resource\":\"arn:aws:sqs:us-west-2:123456789012:cumulus-ingest\"},{\"Action\":[\"dynamodb:UpdateItem\",\"dynamodb:Query\",\"dynamodb:PutItem\",\"dynamodb:GetItem\"],\"Effect\":\"Allow\",\"Resource\":[\"arn:aws:dynamodb:us-west-2:871271927522:table/ctorm-dev-granules/index/*\",\"arn:aws:dynamodb:us-west-2:871271927522:table/ctorm-dev-granules\"]}]}"
              },
              {
                "name": "ctorm-dev-scratch-access",
                "policy": "{\"Version\":\"2012-10-17\",\"Statement\":[{\"Action\":[\"s3:PutObject\",\"s3:ListBucket\",\"s3:GetObject\",\"s3:DeleteObject\"],\"Effect\":\"Allow\",\"Resource\":[\"arn:aws:s3:::ctorm-dev-scratch/*\",\"arn:aws:s3:::ctorm-dev-scratch\"]}]}"
              }
            ],
            "managed_policy_arns": [],
            "max_session_duration": 3600,
            "name": "ctorm-dev-cnm-sender-role",
            "name_prefix": "",
            "path": "/",
            "permissions_boundary": "",
            "tags": {},
            "tags_all": {},
            "unique_id": "AROA4VW62R3RPOQ35FULV"
          },
          "sensitive_attributes": [],
          "private": "bnVsbA==",
          "dependencies": [
            "data.aws_iam_policy_document.lambda_assume_role"
          ]
        }
      ]
    },
    {
      "mode": "managed",
      "type": "aws_iam_role",
      "name": "cumulus_db_md_extract_upload",
      "provider": "provider[\"registry.terraform.io/hashicorp/aws\"]",
      "instances": [
        {
          "schema_version": 0,
          "attributes": {
            "arn": "arn:aws:iam::871271927522:role/ctorm-dev-cumulus-db-md-extract-upload",
            "assume_role_policy": "{\"Statement\":[{\"Action\":\"sts:AssumeRole\",\"Condition\":{\"ArnLike\":{\"aws:PrincipalArn\":[\"arn:aws:iam::725875338589:role/ctorm-cumulus-db-md-extract-role\",\"arn:aws:iam::725875338589:role/ctorm-*-cumulus-db-md-extract-role\",\"arn:aws:iam::871271927522:role/ctorm-cumulus-db-md-extract-role\",\"arn:aws:iam::871271927522:role/ctorm-*-cumulus-db-md-extract-role\",\"arn:aws:iam::372059463218:role/ctorm-cumulus-db-md-extract-role\",\"arn:aws:iam::372059463218:role/ctorm-*-cumulus-db-md-extract-role\",\"arn:aws:iam::097260566921:role/ctorm-cumulus-db-md-extract-role\",\"arn:aws:iam::097260566921:role/ctorm-*-cumulus-db-md-extract-role\",\"arn:aws:iam::082931748743:role/ctorm-cumulus-db-md-extract-role\",\"arn:aws:iam::082931748743:role/ctorm-*-cumulus-db-md-extract-role\",\"arn:aws:iam::510296831643:role/ctorm-cumulus-db-md-extract-role\",\"arn:aws:iam::510296831643:role/ctorm-*-cumulus-db-md-extract-role\"]}},\"Effect\":\"Allow\",\"Principal\":{\"AWS\":[\"arn:aws:iam::871271927522:root\",\"arn:aws:iam::725875338589:root\",\"arn:aws:iam::510296831643:root\",\"arn:aws:iam::372059463218:root\",\"arn:aws:iam::097260566921:root\",\"arn:aws:iam::082931748743:root\"]}}],\"Version\":\"2012-10-17\"}",
            "create_date": "2026-06-24T19:29:26Z",
            "description": "",
            "force_detach_policies": false,
            "id": "ctorm-dev-cumulus-db-md-extract-upload",
            "inline_policy": [
              {
                "name": "ctorm-dev-cumulus-db-md-extract-upload",
                "policy": "{\"Version\":\"2012-10-17\",\"Statement\":[{\"Action\":[\"s3:PutObject\",\"s3:AbortMultipartUpload\"],\"Effect\":\"Allow\",\"Resource\":\"arn:aws:s3:::ctorm-dev-scratch/cumulus-granules/*\",\"Sid\":\"UploadExtractedGranules\"},{\"Action\":\"s3:ListBucket\",\"Condition\":{\"StringLike\":{\"s3:prefix\":\"cumulus-granules/*\"}},\"Effect\":\"Allow\",\"Resource\":\"arn:aws:s3:::ctorm-dev-scratch\",\"Sid\":\"ListDestinationPrefix\"}]}"
              }
            ],
            "managed_policy_arns": [],
            "max_session_duration": 3600,
            "name": "ctorm-dev-cumulus-db-md-extract-upload",
            "name_prefix": "",
            "path": "/",
            "permissions_boundary": "",
            "tags": {},
            "tags_all": {},
            "unique_id": "AROA4VW62R3RJW53W2D5X"
          },
          "sensitive_attributes": [],
          "private": "bnVsbA==",
          "dependencies": [
            "data.aws_iam_policy_document.cumulus_db_md_extract_upload_assume_role"
          ]
        }
      ]
    },
    {
      "mode": "managed",
      "type": "aws_iam_role",
      "name": "granule_md_db_loader_role",
      "provider": "provider[\"registry.terraform.io/hashicorp/aws\"]",
      "instances": [
        {
          "schema_version": 0,
          "attributes": {
            "arn": "arn:aws:iam::871271927522:role/ctorm-dev-codebuild-granule_md_db_loader-role",
            "assume_role_policy": "{\"Statement\":[{\"Action\":\"sts:AssumeRole\",\"Effect\":\"Allow\",\"Principal\":{\"Service\":\"codebuild.amazonaws.com\"}}],\"Version\":\"2012-10-17\"}",
            "create_date": "2026-06-26T21:54:18Z",
            "description": "",
            "force_detach_policies": false,
            "id": "ctorm-dev-codebuild-granule_md_db_loader-role",
            "inline_policy": [
              {
                "name": "ctorm-dev-codebuild-granule-md-db-loader-role-policy",
                "policy": "{\"Version\":\"2012-10-17\",\"Statement\":[{\"Action\":[\"logs:CreateLogGroup\",\"logs:CreateLogStream\",\"logs:PutLogEvents\"],\"Effect\":\"Allow\",\"Resource\":\"arn:aws:logs:*:*:*\"},{\"Action\":[\"s3:GetObject\",\"s3:ListBucket\"],\"Effect\":\"Allow\",\"Resource\":[\"arn:aws:s3:::ctorm-dev-scratch\",\"arn:aws:s3:::ctorm-dev-scratch/*\"]},{\"Action\":[\"dynamodb:PutItem\",\"dynamodb:BatchWriteItem\"],\"Effect\":\"Allow\",\"Resource\":[\"arn:aws:dynamodb:us-west-2:871271927522:table/ctorm-dev-granules\"]}]}"
              }
            ],
            "managed_policy_arns": [],
            "max_session_duration": 3600,
            "name": "ctorm-dev-codebuild-granule_md_db_loader-role",
            "name_prefix": "",
            "path": "/",
            "permissions_boundary": "",
            "tags": {},
            "tags_all": {},
            "unique_id": "AROA4VW62R3RISLTCQYHZ"
          },
          "sensitive_attributes": [],
          "private": "bnVsbA=="
        }
      ]
    },
    {
      "mode": "managed",
      "type": "aws_iam_role_policy",
      "name": "cnm-sender",
      "provider": "provider[\"registry.terraform.io/hashicorp/aws\"]",
      "instances": [
        {
          "schema_version": 0,
          "attributes": {
            "id": "ctorm-dev-cnm-sender-role:ctorm-dev-cnm-sender-policy",
            "name": "ctorm-dev-cnm-sender-policy",
            "name_prefix": "",
            "policy": "{\"Version\":\"2012-10-17\",\"Statement\":[{\"Action\":[\"logs:PutLogEvents\",\"logs:CreateLogStream\"],\"Effect\":\"Allow\",\"Resource\":\"arn:aws:logs:us-west-2:871271927522:log-group:/aws/lambda/ctorm-dev-cnm-sender:*\"},{\"Action\":[\"sqs:ReceiveMessage\",\"sqs:GetQueueAttributes\",\"sqs:DeleteMessage\"],\"Effect\":\"Allow\",\"Resource\":\"arn:aws:sqs:us-west-2:871271927522:ctorm-dev-granules\"},{\"Action\":[\"sqs:SendMessageBatch\",\"sqs:SendMessage\"],\"Effect\":\"Allow\",\"Resource\":\"arn:aws:sqs:us-west-2:123456789012:cumulus-ingest\"},{\"Action\":[\"dynamodb:UpdateItem\",\"dynamodb:Query\",\"dynamodb:PutItem\",\"dynamodb:GetItem\"],\"Effect\":\"Allow\",\"Resource\":[\"arn:aws:dynamodb:us-west-2:871271927522:table/ctorm-dev-granules/index/*\",\"arn:aws:dynamodb:us-west-2:871271927522:table/ctorm-dev-granules\"]}]}",
            "role": "ctorm-dev-cnm-sender-role"
          },
          "sensitive_attributes": [],
          "private": "bnVsbA==",
          "dependencies": [
            "aws_cloudwatch_log_group.cnm-sender",
            "aws_dynamodb_table.granules",
            "aws_iam_role.cnm-sender",
            "aws_sqs_queue.granules",
            "aws_sqs_queue.granules_dlq",
            "data.aws_iam_policy_document.cnm-sender",
            "data.aws_iam_policy_document.lambda_assume_role"
          ]
        }
      ]
    },
    {
      "mode": "managed",
      "type": "aws_iam_role_policy",
      "name": "codebuild_granule_md_db_loader_role_policy",
      "provider": "provider[\"registry.terraform.io/hashicorp/aws\"]",
      "instances": [
        {
          "schema_version": 0,
          "attributes": {
            "id": "ctorm-dev-codebuild-granule_md_db_loader-role:ctorm-dev-codebuild-granule-md-db-loader-role-policy",
            "name": "ctorm-dev-codebuild-granule-md-db-loader-role-policy",
            "name_prefix": "",
            "policy": "{\"Version\":\"2012-10-17\",\"Statement\":[{\"Action\":[\"logs:CreateLogGroup\",\"logs:CreateLogStream\",\"logs:PutLogEvents\"],\"Effect\":\"Allow\",\"Resource\":\"arn:aws:logs:*:*:*\"},{\"Action\":[\"s3:GetObject\",\"s3:ListBucket\"],\"Effect\":\"Allow\",\"Resource\":[\"arn:aws:s3:::ctorm-dev-scratch\",\"arn:aws:s3:::ctorm-dev-scratch/*\"]},{\"Action\":[\"dynamodb:PutItem\",\"dynamodb:BatchWriteItem\"],\"Effect\":\"Allow\",\"Resource\":[\"arn:aws:dynamodb:us-west-2:871271927522:table/ctorm-dev-granules\"]}]}",
            "role": "ctorm-dev-codebuild-granule_md_db_loader-role"
          },
          "sensitive_attributes": [],
          "private": "bnVsbA==",
          "dependencies": [
            "aws_dynamodb_table.granules",
            "aws_iam_role.granule_md_db_loader_role",
            "aws_s3_bucket.scratch"
          ]
        }
      ]
    },
    {
      "mode": "managed",
      "type": "aws_iam_role_policy",
      "name": "cumulus_db_md_extract_upload",
      "provider": "provider[\"registry.terraform.io/hashicorp/aws\"]",
      "instances": [
        {
          "schema_version": 0,
          "attributes": {
            "id": "ctorm-dev-cumulus-db-md-extract-upload:ctorm-dev-cumulus-db-md-extract-upload",
            "name": "ctorm-dev-cumulus-db-md-extract-upload",
            "name_prefix": "",
            "policy": "{\"Version\":\"2012-10-17\",\"Statement\":[{\"Action\":[\"s3:PutObject\",\"s3:AbortMultipartUpload\"],\"Effect\":\"Allow\",\"Resource\":\"arn:aws:s3:::ctorm-dev-scratch/cumulus-granules/*\",\"Sid\":\"UploadExtractedGranules\"},{\"Action\":\"s3:ListBucket\",\"Condition\":{\"StringLike\":{\"s3:prefix\":\"cumulus-granules/*\"}},\"Effect\":\"Allow\",\"Resource\":\"arn:aws:s3:::ctorm-dev-scratch\",\"Sid\":\"ListDestinationPrefix\"}]}",
            "role": "ctorm-dev-cumulus-db-md-extract-upload"
          },
          "sensitive_attributes": [],
          "private": "bnVsbA==",
          "dependencies": [
            "aws_iam_role.cumulus_db_md_extract_upload",
            "aws_s3_bucket.scratch",
            "data.aws_iam_policy_document.cumulus_db_md_extract_upload",
            "data.aws_iam_policy_document.cumulus_db_md_extract_upload_assume_role"
          ]
        }
      ]
    },
    {
      "mode": "managed",
      "type": "aws_iam_role_policy",
      "name": "scratch_bucket_access",
      "provider": "provider[\"registry.terraform.io/hashicorp/aws\"]",
      "instances": [
        {
          "schema_version": 0,
          "attributes": {
            "id": "ctorm-dev-cnm-sender-role:ctorm-dev-scratch-access",
            "name": "ctorm-dev-scratch-access",
            "name_prefix": "",
            "policy": "{\"Version\":\"2012-10-17\",\"Statement\":[{\"Action\":[\"s3:PutObject\",\"s3:ListBucket\",\"s3:GetObject\",\"s3:DeleteObject\"],\"Effect\":\"Allow\",\"Resource\":[\"arn:aws:s3:::ctorm-dev-scratch/*\",\"arn:aws:s3:::ctorm-dev-scratch\"]}]}",
            "role": "ctorm-dev-cnm-sender-role"
          },
          "sensitive_attributes": [],
          "private": "bnVsbA==",
          "dependencies": [
            "aws_iam_role.cnm-sender",
            "aws_s3_bucket.scratch",
            "data.aws_iam_policy_document.allow_scratch_bucket_access",
            "data.aws_iam_policy_document.lambda_assume_role"
          ]
        }
      ]
    },
    {
      "mode": "managed",
      "type": "aws_lambda_function",
      "name": "cnm-sender",
      "provider": "provider[\"registry.terraform.io/hashicorp/aws\"]",
      "instances": [
        {
          "schema_version": 0,
          "attributes": {
            "architectures": [
              "x86_64"
            ],
            "arn": "arn:aws:lambda:us-west-2:871271927522:function:ctorm-dev-cnm-sender",
            "code_sha256": "3LlHRfCJOFrEdSXuSJS7yAtDPL5jCGSISf9F24E6zFY=",
            "code_signing_config_arn": "",
            "dead_letter_config": [],
            "description": "",
            "environment": [
              {
                "variables": {
                  "CUMULUS_INGEST_QUEUE_URL": "https://sqs.us-west-2.amazonaws.com/123456789012/cumulus-ingest",
                  "GRANULES_QUEUE_URL": "https://sqs.us-west-2.amazonaws.com/871271927522/ctorm-dev-granules",
                  "LOG_LEVEL": "INFO",
                  "TABLE_NAME": "ctorm-dev-granules"
                }
              }
            ],
            "ephemeral_storage": [
              {
                "size": 512
              }
            ],
            "file_system_config": [],
            "filename": "./placeholder-lambda.zip",
            "function_name": "ctorm-dev-cnm-sender",
            "handler": "load_tester.lambda_handler",
            "id": "ctorm-dev-cnm-sender",
            "image_config": [],
            "image_uri": "",
            "invoke_arn": "arn:aws:apigateway:us-west-2:lambda:path/2015-03-31/functions/arn:aws:lambda:us-west-2:871271927522:function:ctorm-dev-cnm-sender/invocations",
            "kms_key_arn": "",
            "last_modified": "2026-06-25T02:29:36.000+0000",
            "layers": [],
            "logging_config": [
              {
                "application_log_level": "",
                "log_format": "Text",
                "log_group": "/aws/lambda/ctorm-dev-cnm-sender",
                "system_log_level": ""
              }
            ],
            "memory_size": 512,
            "package_type": "Zip",
            "publish": false,
            "qualified_arn": "arn:aws:lambda:us-west-2:871271927522:function:ctorm-dev-cnm-sender:$LATEST",
            "qualified_invoke_arn": "arn:aws:apigateway:us-west-2:lambda:path/2015-03-31/functions/arn:aws:lambda:us-west-2:871271927522:function:ctorm-dev-cnm-sender:$LATEST/invocations",
            "replace_security_groups_on_destroy": null,
            "replacement_security_group_ids": null,
            "reserved_concurrent_executions": -1,
            "role": "arn:aws:iam::871271927522:role/ctorm-dev-cnm-sender-role",
            "runtime": "python3.12",
            "s3_bucket": null,
            "s3_key": null,
            "s3_object_version": null,
            "signing_job_arn": "",
            "signing_profile_version_arn": "",
            "skip_destroy": false,
            "snap_start": [],
            "source_code_hash": "3LlHRfCJOFrEdSXuSJS7yAtDPL5jCGSISf9F24E6zFY=",
            "source_code_size": 344,
            "tags": {},
            "tags_all": {},
            "timeout": 120,
            "timeouts": null,
            "tracing_config": [
              {
                "mode": "PassThrough"
              }
            ],
            "version": "$LATEST",
            "vpc_config": []
          },
          "sensitive_attributes": [],
          "private": "eyJlMmJmYjczMC1lY2FhLTExZTYtOGY4OC0zNDM2M2JjN2M0YzAiOnsiY3JlYXRlIjo2MDAwMDAwMDAwMDAsImRlbGV0ZSI6NjAwMDAwMDAwMDAwLCJ1cGRhdGUiOjYwMDAwMDAwMDAwMH19",
          "dependencies": [
            "aws_cloudwatch_log_group.cnm-sender",
            "aws_dynamodb_table.granules",
            "aws_iam_role.cnm-sender",
            "aws_iam_role_policy.cnm-sender",
            "aws_sqs_queue.granules",
            "aws_sqs_queue.granules_dlq",
            "data.archive_file.placeholder_lambda",
            "data.aws_iam_policy_document.cnm-sender",
            "data.aws_iam_policy_document.lambda_assume_role"
          ]
        }
      ]
    },
    {
      "mode": "managed",
      "type": "aws_lambda_permission",
      "name": "allow_eventbridge",
      "provider": "provider[\"registry.terraform.io/hashicorp/aws\"]",
      "instances": [
        {
          "schema_version": 0,
          "attributes": {
            "action": "lambda:InvokeFunction",
            "event_source_token": null,
            "function_name": "ctorm-dev-cnm-sender",
            "function_url_auth_type": null,
            "id": "AllowExecutionFromEventBridge",
            "principal": "events.amazonaws.com",
            "principal_org_id": null,
            "qualifier": "",
            "source_account": null,
            "source_arn": "arn:aws:events:us-west-2:871271927522:rule/ctorm-dev-every-minute",
            "statement_id": "AllowExecutionFromEventBridge",
            "statement_id_prefix": ""
          },
          "sensitive_attributes": [],
          "private": "bnVsbA==",
          "dependencies": [
            "aws_cloudwatch_event_rule.every_minute",
            "aws_cloudwatch_log_group.cnm-sender",
            "aws_dynamodb_table.granules",
            "aws_iam_role.cnm-sender",
            "aws_iam_role_policy.cnm-sender",
            "aws_lambda_function.cnm-sender",
            "aws_sqs_queue.granules",
            "aws_sqs_queue.granules_dlq",
            "data.archive_file.placeholder_lambda",
            "data.aws_iam_policy_document.cnm-sender",
            "data.aws_iam_policy_document.lambda_assume_role"
          ]
        }
      ]
    },
    {
      "mode": "managed",
      "type": "aws_s3_bucket",
      "name": "scratch",
      "provider": "provider[\"registry.terraform.io/hashicorp/aws\"]",
      "instances": [
        {
          "schema_version": 0,
          "attributes": {
            "acceleration_status": "",
            "acl": null,
            "arn": "arn:aws:s3:::ctorm-dev-scratch",
            "bucket": "ctorm-dev-scratch",
            "bucket_domain_name": "ctorm-dev-scratch.s3.amazonaws.com",
            "bucket_prefix": "",
            "bucket_regional_domain_name": "ctorm-dev-scratch.s3.us-west-2.amazonaws.com",
            "cors_rule": [],
            "force_destroy": false,
            "grant": [
              {
                "id": "a7e8aeefe5d49ed5062fbc1a1d29f8b05e5150edf37ef1739efda49e5443a5ee",
                "permissions": [
                  "FULL_CONTROL"
                ],
                "type": "CanonicalUser",
                "uri": ""
              }
            ],
            "hosted_zone_id": "Z3BJ6K6RIION7M",
            "id": "ctorm-dev-scratch",
            "lifecycle_rule": [],
            "logging": [],
            "object_lock_configuration": [],
            "object_lock_enabled": false,
            "policy": "",
            "region": "us-west-2",
            "replication_configuration": [],
            "request_payer": "BucketOwner",
            "server_side_encryption_configuration": [
              {
                "rule": [
                  {
                    "apply_server_side_encryption_by_default": [
                      {
                        "kms_master_key_id": "",
                        "sse_algorithm": "AES256"
                      }
                    ],
                    "bucket_key_enabled": false
                  }
                ]
              }
            ],
            "tags": {
              "Name": "ctorm-dev-scratch"
            },
            "tags_all": {
              "Name": "ctorm-dev-scratch"
            },
            "timeouts": null,
            "versioning": [
              {
                "enabled": false,
                "mfa_delete": false
              }
            ],
            "website": [],
            "website_domain": null,
            "website_endpoint": null
          },
          "sensitive_attributes": [],
          "private": "eyJlMmJmYjczMC1lY2FhLTExZTYtOGY4OC0zNDM2M2JjN2M0YzAiOnsiY3JlYXRlIjoxMjAwMDAwMDAwMDAwLCJkZWxldGUiOjM2MDAwMDAwMDAwMDAsInJlYWQiOjEyMDAwMDAwMDAwMDAsInVwZGF0ZSI6MTIwMDAwMDAwMDAwMH19"
        }
      ]
    },
    {
      "mode": "managed",
      "type": "aws_s3_object",
      "name": "granule_md_db_loader_source",
      "provider": "provider[\"registry.terraform.io/hashicorp/aws\"]",
      "instances": [
        {
          "schema_version": 0,
          "attributes": {
            "acl": null,
            "arn": "arn:aws:s3:::ctorm-dev-scratch/codebuild/granule-md-db-loader.zip",
            "bucket": "ctorm-dev-scratch",
            "bucket_key_enabled": false,
            "cache_control": "",
            "checksum_algorithm": null,
            "checksum_crc32": "",
            "checksum_crc32c": "",
            "checksum_crc64nvme": "",
            "checksum_sha1": "",
            "checksum_sha256": "",
            "content": null,
            "content_base64": null,
            "content_disposition": "",
            "content_encoding": "",
            "content_language": "",
            "content_type": "application/octet-stream",
            "etag": "b6108bd6d78e6ebfc4b059f9b0e2f033",
            "force_destroy": false,
            "id": "codebuild/granule-md-db-loader.zip",
            "key": "codebuild/granule-md-db-loader.zip",
            "kms_key_id": null,
            "metadata": {},
            "object_lock_legal_hold_status": "",
            "object_lock_mode": "",
            "object_lock_retain_until_date": "",
            "override_provider": [],
            "server_side_encryption": "AES256",
            "source": "./.terraform/granule-md-db-loader.zip",
            "source_hash": "2l9N9axvXGR72QAGstisV+owW750Yg5+/WqpWlJEqs4=",
            "storage_class": "STANDARD",
            "tags": {},
            "tags_all": {},
            "version_id": "",
            "website_redirect": ""
          },
          "sensitive_attributes": [],
          "private": "bnVsbA==",
          "dependencies": [
            "aws_s3_bucket.scratch",
            "data.archive_file.granule_md_db_loader"
          ]
        }
      ]
    },
    {
      "mode": "managed",
      "type": "aws_sqs_queue",
      "name": "granules",
      "provider": "provider[\"registry.terraform.io/hashicorp/aws\"]",
      "instances": [
        {
          "schema_version": 0,
          "attributes": {
            "arn": "arn:aws:sqs:us-west-2:871271927522:ctorm-dev-granules",
            "content_based_deduplication": false,
            "deduplication_scope": "",
            "delay_seconds": 0,
            "fifo_queue": false,
            "fifo_throughput_limit": "",
            "id": "https://sqs.us-west-2.amazonaws.com/871271927522/ctorm-dev-granules",
            "kms_data_key_reuse_period_seconds": 300,
            "kms_master_key_id": "",
            "max_message_size": 262144,
            "message_retention_seconds": 345600,
            "name": "ctorm-dev-granules",
            "name_prefix": "",
            "policy": "",
            "receive_wait_time_seconds": 0,
            "redrive_allow_policy": "",
            "redrive_policy": "{\"deadLetterTargetArn\":\"arn:aws:sqs:us-west-2:871271927522:ctorm-dev-granule-dlq\",\"maxReceiveCount\":5}",
            "sqs_managed_sse_enabled": true,
            "tags": {},
            "tags_all": {},
            "timeouts": null,
            "url": "https://sqs.us-west-2.amazonaws.com/871271927522/ctorm-dev-granules",
            "visibility_timeout_seconds": 180
          },
          "sensitive_attributes": [],
          "private": "eyJlMmJmYjczMC1lY2FhLTExZTYtOGY4OC0zNDM2M2JjN2M0YzAiOnsiY3JlYXRlIjoxODAwMDAwMDAwMDAsImRlbGV0ZSI6MTgwMDAwMDAwMDAwLCJ1cGRhdGUiOjE4MDAwMDAwMDAwMH19",
          "dependencies": [
            "aws_sqs_queue.granules_dlq"
          ]
        }
      ]
    },
    {
      "mode": "managed",
      "type": "aws_sqs_queue",
      "name": "granules_dlq",
      "provider": "provider[\"registry.terraform.io/hashicorp/aws\"]",
      "instances": [
        {
          "schema_version": 0,
          "attributes": {
            "arn": "arn:aws:sqs:us-west-2:871271927522:ctorm-dev-granule-dlq",
            "content_based_deduplication": false,
            "deduplication_scope": "",
            "delay_seconds": 0,
            "fifo_queue": false,
            "fifo_throughput_limit": "",
            "id": "https://sqs.us-west-2.amazonaws.com/871271927522/ctorm-dev-granule-dlq",
            "kms_data_key_reuse_period_seconds": 300,
            "kms_master_key_id": "",
            "max_message_size": 262144,
            "message_retention_seconds": 345600,
            "name": "ctorm-dev-granule-dlq",
            "name_prefix": "",
            "policy": "",
            "receive_wait_time_seconds": 0,
            "redrive_allow_policy": "",
            "redrive_policy": "",
            "sqs_managed_sse_enabled": true,
            "tags": {},
            "tags_all": {},
            "timeouts": null,
            "url": "https://sqs.us-west-2.amazonaws.com/871271927522/ctorm-dev-granule-dlq",
            "visibility_timeout_seconds": 30
          },
          "sensitive_attributes": [],
          "private": "eyJlMmJmYjczMC1lY2FhLTExZTYtOGY4OC0zNDM2M2JjN2M0YzAiOnsiY3JlYXRlIjoxODAwMDAwMDAwMDAsImRlbGV0ZSI6MTgwMDAwMDAwMDAwLCJ1cGRhdGUiOjE4MDAwMDAwMDAwMH19"
        }
      ]
    }
  ],
  "check_results": null
}
