{
  "version": 4,
  "terraform_version": "1.9.2",
  "serial": 25,
  "lineage": "c41741c8-bc95-3af9-8022-5fe4475f750a",
  "outputs": {
    "cumulus_db_md_extract_upload_role_arn": {
      "value": "arn:aws:iam::097260566921:role/ctorm-cumulus-db-md-extract-upload",
      "type": "string"
    },
    "granule_table_name": {
      "value": "ctorm-granules",
      "type": "string"
    },
    "granules_dlq_url": {
      "value": "https://sqs.us-west-2.amazonaws.com/097260566921/ctorm-granule-dlq",
      "type": "string"
    },
    "granules_queue_arn": {
      "value": "arn:aws:sqs:us-west-2:097260566921:ctorm-granules",
      "type": "string"
    },
    "granules_queue_url": {
      "value": "https://sqs.us-west-2.amazonaws.com/097260566921/ctorm-granules",
      "type": "string"
    },
    "scratch_bucket": {
      "value": "ctorm-scratch",
      "type": "string"
    },
    "worker_lambda_name": {
      "value": "ctorm-cnm-sender",
      "type": "string"
    }
  },
  "resources": [
    {
      "mode": "data",
      "type": "archive_file",
      "name": "placeholder_lambda",
      "provider": "provider[\"registry.terraform.io/hashicorp/archive\"]",
      "instances": [
        {
          "schema_version": 0,
          "attributes": {
            "exclude_symlink_directories": null,
            "excludes": null,
            "id": "7451212364088fb05c08860c9d80f78e29fa76b5",
            "output_base64sha256": "3LlHRfCJOFrEdSXuSJS7yAtDPL5jCGSISf9F24E6zFY=",
            "output_base64sha512": "Kf1anE514t1db0WYLXSHASh7M23HxVS30uaMvh8f1CIpaAZXUvQtOBUrPgjvsxbko7IVN0lQ3U5t+ssVEs5A0Q==",
            "output_file_mode": null,
            "output_md5": "94564c5dd9caf22baaf170b00693c497",
            "output_path": "./placeholder-lambda.zip",
            "output_sha": "7451212364088fb05c08860c9d80f78e29fa76b5",
            "output_sha256": "dcb94745f089385ac47525ee4894bbc80b433cbe6308648849ff45db813acc56",
            "output_sha512": "29fd5a9c4e75e2dd5d6f45982d748701287b336dc7c554b7d2e68cbe1f1fd4222968065752f42d38152b3e08efb316e4a3b215374950dd4e6dfacb1512ce40d1",
            "output_size": 344,
            "source": [
              {
                "content": "import json\nimport os\n\ndef lambda_handler(event, context):\n    print(json.dumps({\n        \"event\": event,\n        \"granules_queue_url\": os.environ.get(\"GRANULES_QUEUE_URL\"),\n        \"table_name\": os.environ.get(\"TABLE_NAME\"),\n        \"cumulus_ingest_queue_url\": os.environ.get(\"CUMULUS_INGEST_QUEUE_URL\"),\n    }))\n\n    return {\n        \"ok\": True\n    }\n",
                "filename": "index.py"
              }
            ],
            "source_content": null,
            "source_content_filename": null,
            "source_dir": null,
            "source_file": null,
            "type": "zip"
          },
          "sensitive_attributes": []
        }
      ]
    },
    {
      "mode": "data",
      "type": "aws_iam_policy_document",
      "name": "allow_scratch_bucket_access",
      "provider": "provider[\"registry.terraform.io/hashicorp/aws\"]",
      "instances": [
        {
          "schema_version": 0,
          "attributes": {
            "id": "3026183601",
            "json": "{\n  \"Version\": \"2012-10-17\",\n  \"Statement\": [\n    {\n      \"Effect\": \"Allow\",\n      \"Action\": [\n        \"s3:PutObject\",\n        \"s3:ListBucket\",\n        \"s3:GetObject\",\n        \"s3:DeleteObject\"\n      ],\n      \"Resource\": [\n        \"arn:aws:s3:::ctorm-scratch/*\",\n        \"arn:aws:s3:::ctorm-scratch\"\n      ]\n    }\n  ]\n}",
            "minified_json": "{\"Version\":\"2012-10-17\",\"Statement\":[{\"Effect\":\"Allow\",\"Action\":[\"s3:PutObject\",\"s3:ListBucket\",\"s3:GetObject\",\"s3:DeleteObject\"],\"Resource\":[\"arn:aws:s3:::ctorm-scratch/*\",\"arn:aws:s3:::ctorm-scratch\"]}]}",
            "override_json": null,
            "override_policy_documents": null,
            "policy_id": null,
            "source_json": null,
            "source_policy_documents": null,
            "statement": [
              {
                "actions": [
                  "s3:DeleteObject",
                  "s3:GetObject",
                  "s3:ListBucket",
                  "s3:PutObject"
                ],
                "condition": [],
                "effect": "Allow",
                "not_actions": [],
                "not_principals": [],
                "not_resources": [],
                "principals": [],
                "resources": [
                  "arn:aws:s3:::ctorm-scratch",
                  "arn:aws:s3:::ctorm-scratch/*"
                ],
                "sid": ""
              }
            ],
            "version": "2012-10-17"
          },
          "sensitive_attributes": []
        }
      ]
    },
    {
      "mode": "data",
      "type": "aws_iam_policy_document",
      "name": "cnm-sender",
      "provider": "provider[\"registry.terraform.io/hashicorp/aws\"]",
      "instances": [
        {
          "schema_version": 0,
          "attributes": {
            "id": "2687090556",
            "json": "{\n  \"Version\": \"2012-10-17\",\n  \"Statement\": [\n    {\n      \"Effect\": \"Allow\",\n      \"Action\": [\n        \"logs:PutLogEvents\",\n        \"logs:CreateLogStream\"\n      ],\n      \"Resource\": \"arn:aws:logs:us-west-2:097260566921:log-group:/aws/lambda/ctorm-cnm-sender:*\"\n    },\n    {\n      \"Effect\": \"Allow\",\n      \"Action\": [\n        \"sqs:ReceiveMessage\",\n        \"sqs:GetQueueAttributes\",\n        \"sqs:DeleteMessage\"\n      ],\n      \"Resource\": \"arn:aws:sqs:us-west-2:097260566921:ctorm-granules\"\n    },\n    {\n      \"Effect\": \"Allow\",\n      \"Action\": [\n        \"sqs:SendMessageBatch\",\n        \"sqs:SendMessage\"\n      ],\n      \"Resource\": \"arn:aws:sqs:us-west-2:123456789012:cumulus-ingest\"\n    },\n    {\n      \"Effect\": \"Allow\",\n      \"Action\": [\n        \"dynamodb:UpdateItem\",\n        \"dynamodb:Query\",\n        \"dynamodb:PutItem\",\n        \"dynamodb:GetItem\"\n      ],\n      \"Resource\": \"arn:aws:dynamodb:us-west-2:097260566921:table/ctorm-granules\"\n    }\n  ]\n}",
            "minified_json": "{\"Version\":\"2012-10-17\",\"Statement\":[{\"Effect\":\"Allow\",\"Action\":[\"logs:PutLogEvents\",\"logs:CreateLogStream\"],\"Resource\":\"arn:aws:logs:us-west-2:097260566921:log-group:/aws/lambda/ctorm-cnm-sender:*\"},{\"Effect\":\"Allow\",\"Action\":[\"sqs:ReceiveMessage\",\"sqs:GetQueueAttributes\",\"sqs:DeleteMessage\"],\"Resource\":\"arn:aws:sqs:us-west-2:097260566921:ctorm-granules\"},{\"Effect\":\"Allow\",\"Action\":[\"sqs:SendMessageBatch\",\"sqs:SendMessage\"],\"Resource\":\"arn:aws:sqs:us-west-2:123456789012:cumulus-ingest\"},{\"Effect\":\"Allow\",\"Action\":[\"dynamodb:UpdateItem\",\"dynamodb:Query\",\"dynamodb:PutItem\",\"dynamodb:GetItem\"],\"Resource\":\"arn:aws:dynamodb:us-west-2:097260566921:table/ctorm-granules\"}]}",
            "override_json": null,
            "override_policy_documents": null,
            "policy_id": null,
            "source_json": null,
            "source_policy_documents": null,
            "statement": [
              {
                "actions": [
                  "logs:CreateLogStream",
                  "logs:PutLogEvents"
                ],
                "condition": [],
                "effect": "Allow",
                "not_actions": [],
                "not_principals": [],
                "not_resources": [],
                "principals": [],
                "resources": [
                  "arn:aws:logs:us-west-2:097260566921:log-group:/aws/lambda/ctorm-cnm-sender:*"
                ],
                "sid": ""
              },
              {
                "actions": [
                  "sqs:DeleteMessage",
                  "sqs:GetQueueAttributes",
                  "sqs:ReceiveMessage"
                ],
                "condition": [],
                "effect": "Allow",
                "not_actions": [],
                "not_principals": [],
                "not_resources": [],
                "principals": [],
                "resources": [
                  "arn:aws:sqs:us-west-2:097260566921:ctorm-granules"
                ],
                "sid": ""
              },
              {
                "actions": [
                  "sqs:SendMessage",
                  "sqs:SendMessageBatch"
                ],
                "condition": [],
                "effect": "Allow",
                "not_actions": [],
                "not_principals": [],
                "not_resources": [],
                "principals": [],
                "resources": [
                  "arn:aws:sqs:us-west-2:123456789012:cumulus-ingest"
                ],
                "sid": ""
              },
              {
                "actions": [
                  "dynamodb:GetItem",
                  "dynamodb:PutItem",
                  "dynamodb:Query",
                  "dynamodb:UpdateItem"
                ],
                "condition": [],
                "effect": "Allow",
                "not_actions": [],
                "not_principals": [],
                "not_resources": [],
                "principals": [],
                "resources": [
                  "arn:aws:dynamodb:us-west-2:097260566921:table/ctorm-granules"
                ],
                "sid": ""
              }
            ],
            "version": "2012-10-17"
          },
          "sensitive_attributes": []
        }
      ]
    },
    {
      "mode": "data",
      "type": "aws_iam_policy_document",
      "name": "cumulus_db_md_extract_upload",
      "provider": "provider[\"registry.terraform.io/hashicorp/aws\"]",
      "instances": [
        {
          "schema_version": 0,
          "attributes": {
            "id": "2685467495",
            "json": "{\n  \"Version\": \"2012-10-17\",\n  \"Statement\": [\n    {\n      \"Sid\": \"UploadExtractedGranules\",\n      \"Effect\": \"Allow\",\n      \"Action\": [\n        \"s3:PutObject\",\n        \"s3:AbortMultipartUpload\"\n      ],\n      \"Resource\": \"arn:aws:s3:::ctorm-scratch/cumulus-granules/*\"\n    },\n    {\n      \"Sid\": \"ListDestinationPrefix\",\n      \"Effect\": \"Allow\",\n      \"Action\": \"s3:ListBucket\",\n      \"Resource\": \"arn:aws:s3:::ctorm-scratch\",\n      \"Condition\": {\n        \"StringLike\": {\n          \"s3:prefix\": \"cumulus-granules/*\"\n        }\n      }\n    }\n  ]\n}",
            "minified_json": "{\"Version\":\"2012-10-17\",\"Statement\":[{\"Sid\":\"UploadExtractedGranules\",\"Effect\":\"Allow\",\"Action\":[\"s3:PutObject\",\"s3:AbortMultipartUpload\"],\"Resource\":\"arn:aws:s3:::ctorm-scratch/cumulus-granules/*\"},{\"Sid\":\"ListDestinationPrefix\",\"Effect\":\"Allow\",\"Action\":\"s3:ListBucket\",\"Resource\":\"arn:aws:s3:::ctorm-scratch\",\"Condition\":{\"StringLike\":{\"s3:prefix\":\"cumulus-granules/*\"}}}]}",
            "override_json": null,
            "override_policy_documents": null,
            "policy_id": null,
            "source_json": null,
            "source_policy_documents": null,
            "statement": [
              {
                "actions": [
                  "s3:AbortMultipartUpload",
                  "s3:PutObject"
                ],
                "condition": [],
                "effect": "Allow",
                "not_actions": [],
                "not_principals": [],
                "not_resources": [],
                "principals": [],
                "resources": [
                  "arn:aws:s3:::ctorm-scratch/cumulus-granules/*"
                ],
                "sid": "UploadExtractedGranules"
              },
              {
                "actions": [
                  "s3:ListBucket"
                ],
                "condition": [
                  {
                    "test": "StringLike",
                    "values": [
                      "cumulus-granules/*"
                    ],
                    "variable": "s3:prefix"
                  }
                ],
                "effect": "Allow",
                "not_actions": [],
                "not_principals": [],
                "not_resources": [],
                "principals": [],
                "resources": [
                  "arn:aws:s3:::ctorm-scratch"
                ],
                "sid": "ListDestinationPrefix"
              }
            ],
            "version": "2012-10-17"
          },
          "sensitive_attributes": []
        }
      ]
    },
    {
      "mode": "data",
      "type": "aws_iam_policy_document",
      "name": "cumulus_db_md_extract_upload_assume_role",
      "provider": "provider[\"registry.terraform.io/hashicorp/aws\"]",
      "instances": [
        {
          "schema_version": 0,
          "attributes": {
            "id": "2827657917",
            "json": "{\n  \"Version\": \"2012-10-17\",\n  \"Statement\": [\n    {\n      \"Effect\": \"Allow\",\n      \"Action\": \"sts:AssumeRole\",\n      \"Principal\": {\n        \"AWS\": [\n          \"arn:aws:iam::871271927522:root\",\n          \"arn:aws:iam::725875338589:root\",\n          \"arn:aws:iam::510296831643:root\",\n          \"arn:aws:iam::372059463218:root\",\n          \"arn:aws:iam::097260566921:root\",\n          \"arn:aws:iam::082931748743:root\"\n        ]\n      },\n      \"Condition\": {\n        \"ArnLike\": {\n          \"aws:PrincipalArn\": [\n            \"arn:aws:iam::725875338589:role/ctorm-cumulus-db-md-extract-role\",\n            \"arn:aws:iam::725875338589:role/ctorm-*-cumulus-db-md-extract-role\",\n            \"arn:aws:iam::871271927522:role/ctorm-cumulus-db-md-extract-role\",\n            \"arn:aws:iam::871271927522:role/ctorm-*-cumulus-db-md-extract-role\",\n            \"arn:aws:iam::372059463218:role/ctorm-cumulus-db-md-extract-role\",\n            \"arn:aws:iam::372059463218:role/ctorm-*-cumulus-db-md-extract-role\",\n            \"arn:aws:iam::097260566921:role/ctorm-cumulus-db-md-extract-role\",\n            \"arn:aws:iam::097260566921:role/ctorm-*-cumulus-db-md-extract-role\",\n            \"arn:aws:iam::082931748743:role/ctorm-cumulus-db-md-extract-role\",\n            \"arn:aws:iam::082931748743:role/ctorm-*-cumulus-db-md-extract-role\",\n            \"arn:aws:iam::510296831643:role/ctorm-cumulus-db-md-extract-role\",\n            \"arn:aws:iam::510296831643:role/ctorm-*-cumulus-db-md-extract-role\"\n          ]\n        }\n      }\n    }\n  ]\n}",
            "minified_json": "{\"Version\":\"2012-10-17\",\"Statement\":[{\"Effect\":\"Allow\",\"Action\":\"sts:AssumeRole\",\"Principal\":{\"AWS\":[\"arn:aws:iam::871271927522:root\",\"arn:aws:iam::725875338589:root\",\"arn:aws:iam::510296831643:root\",\"arn:aws:iam::372059463218:root\",\"arn:aws:iam::097260566921:root\",\"arn:aws:iam::082931748743:root\"]},\"Condition\":{\"ArnLike\":{\"aws:PrincipalArn\":[\"arn:aws:iam::725875338589:role/ctorm-cumulus-db-md-extract-role\",\"arn:aws:iam::725875338589:role/ctorm-*-cumulus-db-md-extract-role\",\"arn:aws:iam::871271927522:role/ctorm-cumulus-db-md-extract-role\",\"arn:aws:iam::871271927522:role/ctorm-*-cumulus-db-md-extract-role\",\"arn:aws:iam::372059463218:role/ctorm-cumulus-db-md-extract-role\",\"arn:aws:iam::372059463218:role/ctorm-*-cumulus-db-md-extract-role\",\"arn:aws:iam::097260566921:role/ctorm-cumulus-db-md-extract-role\",\"arn:aws:iam::097260566921:role/ctorm-*-cumulus-db-md-extract-role\",\"arn:aws:iam::082931748743:role/ctorm-cumulus-db-md-extract-role\",\"arn:aws:iam::082931748743:role/ctorm-*-cumulus-db-md-extract-role\",\"arn:aws:iam::510296831643:role/ctorm-cumulus-db-md-extract-role\",\"arn:aws:iam::510296831643:role/ctorm-*-cumulus-db-md-extract-role\"]}}}]}",
            "override_json": null,
            "override_policy_documents": null,
            "policy_id": null,
            "source_json": null,
            "source_policy_documents": null,
            "statement": [
              {
                "actions": [
                  "sts:AssumeRole"
                ],
                "condition": [
                  {
                    "test": "ArnLike",
                    "values": [
                      "arn:aws:iam::725875338589:role/ctorm-cumulus-db-md-extract-role",
                      "arn:aws:iam::725875338589:role/ctorm-*-cumulus-db-md-extract-role",
                      "arn:aws:iam::871271927522:role/ctorm-cumulus-db-md-extract-role",
                      "arn:aws:iam::871271927522:role/ctorm-*-cumulus-db-md-extract-role",
                      "arn:aws:iam::372059463218:role/ctorm-cumulus-db-md-extract-role",
                      "arn:aws:iam::372059463218:role/ctorm-*-cumulus-db-md-extract-role",
                      "arn:aws:iam::097260566921:role/ctorm-cumulus-db-md-extract-role",
                      "arn:aws:iam::097260566921:role/ctorm-*-cumulus-db-md-extract-role",
                      "arn:aws:iam::082931748743:role/ctorm-cumulus-db-md-extract-role",
                      "arn:aws:iam::082931748743:role/ctorm-*-cumulus-db-md-extract-role",
                      "arn:aws:iam::510296831643:role/ctorm-cumulus-db-md-extract-role",
                      "arn:aws:iam::510296831643:role/ctorm-*-cumulus-db-md-extract-role"
                    ],
                    "variable": "aws:PrincipalArn"
                  }
                ],
                "effect": "Allow",
                "not_actions": [],
                "not_principals": [],
                "not_resources": [],
                "principals": [
                  {
                    "identifiers": [
                      "arn:aws:iam::082931748743:root",
                      "arn:aws:iam::097260566921:root",
                      "arn:aws:iam::372059463218:root",
                      "arn:aws:iam::510296831643:root",
                      "arn:aws:iam::725875338589:root",
                      "arn:aws:iam::871271927522:root"
                    ],
                    "type": "AWS"
                  }
                ],
                "resources": [],
                "sid": ""
              }
            ],
            "version": "2012-10-17"
          },
          "sensitive_attributes": []
        }
      ]
    },
    {
      "mode": "data",
      "type": "aws_iam_policy_document",
      "name": "lambda_assume_role",
      "provider": "provider[\"registry.terraform.io/hashicorp/aws\"]",
      "instances": [
        {
          "schema_version": 0,
          "attributes": {
            "id": "2690255455",
            "json": "{\n  \"Version\": \"2012-10-17\",\n  \"Statement\": [\n    {\n      \"Effect\": \"Allow\",\n      \"Action\": \"sts:AssumeRole\",\n      \"Principal\": {\n        \"Service\": \"lambda.amazonaws.com\"\n      }\n    }\n  ]\n}",
            "minified_json": "{\"Version\":\"2012-10-17\",\"Statement\":[{\"Effect\":\"Allow\",\"Action\":\"sts:AssumeRole\",\"Principal\":{\"Service\":\"lambda.amazonaws.com\"}}]}",
            "override_json": null,
            "override_policy_documents": null,
            "policy_id": null,
            "source_json": null,
            "source_policy_documents": null,
            "statement": [
              {
                "actions": [
                  "sts:AssumeRole"
                ],
                "condition": [],
                "effect": "Allow",
                "not_actions": [],
                "not_principals": [],
                "not_resources": [],
                "principals": [
                  {
                    "identifiers": [
                      "lambda.amazonaws.com"
                    ],
                    "type": "Service"
                  }
                ],
                "resources": [],
                "sid": ""
              }
            ],
            "version": "2012-10-17"
          },
          "sensitive_attributes": []
        }
      ]
    },
    {
      "mode": "managed",
      "type": "aws_cloudwatch_event_rule",
      "name": "every_minute",
      "provider": "provider[\"registry.terraform.io/hashicorp/aws\"]",
      "instances": [
        {
          "schema_version": 1,
          "attributes": {
            "arn": "arn:aws:events:us-west-2:097260566921:rule/ctorm-every-minute",
            "description": "",
            "event_bus_name": "default",
            "event_pattern": null,
            "force_destroy": false,
            "id": "ctorm-every-minute",
            "is_enabled": false,
            "name": "ctorm-every-minute",
            "name_prefix": "",
            "role_arn": "",
            "schedule_expression": "rate(1 minute)",
            "state": "DISABLED",
            "tags": {},
            "tags_all": {}
          },
          "sensitive_attributes": [],
          "private": "eyJzY2hlbWFfdmVyc2lvbiI6IjEifQ=="
        }
      ]
    },
    {
      "mode": "managed",
      "type": "aws_cloudwatch_event_target",
      "name": "cnm-sender",
      "provider": "provider[\"registry.terraform.io/hashicorp/aws\"]",
      "instances": [
        {
          "schema_version": 1,
          "attributes": {
            "appsync_target": [],
            "arn": "arn:aws:lambda:us-west-2:097260566921:function:ctorm-cnm-sender",
            "batch_target": [],
            "dead_letter_config": [],
            "ecs_target": [],
            "event_bus_name": "default",
            "force_destroy": false,
            "http_target": [],
            "id": "ctorm-every-minute-terraform-20260625024146730800000001",
            "input": "{\"source\":\"eventbridge\"}",
            "input_path": "",
            "input_transformer": [],
            "kinesis_target": [],
            "redshift_target": [],
            "retry_policy": [],
            "role_arn": "",
            "rule": "ctorm-every-minute",
            "run_command_targets": [],
            "sagemaker_pipeline_target": [],
            "sqs_target": [],
            "target_id": "terraform-20260625024146730800000001"
          },
          "sensitive_attributes": [],
          "private": "eyJzY2hlbWFfdmVyc2lvbiI6IjEifQ==",
          "dependencies": [
            "aws_cloudwatch_event_rule.every_minute",
            "aws_cloudwatch_log_group.cnm-sender",
            "aws_dynamodb_table.granules",
            "aws_iam_role.cnm-sender",
            "aws_iam_role_policy.cnm-sender",
            "aws_lambda_function.cnm-sender",
            "aws_sqs_queue.granules",
            "aws_sqs_queue.granules_dlq",
            "data.archive_file.placeholder_lambda",
            "data.aws_iam_policy_document.cnm-sender",
            "data.aws_iam_policy_document.lambda_assume_role"
          ]
        }
      ]
    },
    {
      "mode": "managed",
      "type": "aws_cloudwatch_log_group",
      "name": "cnm-sender",
      "provider": "provider[\"registry.terraform.io/hashicorp/aws\"]",
      "instances": [
        {
          "schema_version": 0,
          "attributes": {
            "arn": "arn:aws:logs:us-west-2:097260566921:log-group:/aws/lambda/ctorm-cnm-sender",
            "id": "/aws/lambda/ctorm-cnm-sender",
            "kms_key_id": "",
            "log_group_class": "STANDARD",
            "name": "/aws/lambda/ctorm-cnm-sender",
            "name_prefix": "",
            "retention_in_days": 14,
            "skip_destroy": false,
            "tags": {},
            "tags_all": {}
          },
          "sensitive_attributes": [],
          "private": "bnVsbA=="
        }
      ]
    },
    {
      "mode": "managed",
      "type": "aws_dynamodb_table",
      "name": "granules",
      "provider": "provider[\"registry.terraform.io/hashicorp/aws\"]",
      "instances": [
        {
          "schema_version": 1,
          "attributes": {
            "arn": "arn:aws:dynamodb:us-west-2:097260566921:table/ctorm-granules",
            "attribute": [
              {
                "name": "pk",
                "type": "S"
              },
              {
                "name": "sk",
                "type": "S"
              }
            ],
            "billing_mode": "PAY_PER_REQUEST",
            "deletion_protection_enabled": false,
            "global_secondary_index": [],
            "hash_key": "pk",
            "id": "ctorm-granules",
            "import_table": [],
            "local_secondary_index": [],
            "name": "ctorm-granules",
            "on_demand_throughput": [],
            "point_in_time_recovery": [
              {
                "enabled": false,
                "recovery_period_in_days": 0
              }
            ],
            "range_key": "sk",
            "read_capacity": 0,
            "replica": [],
            "restore_date_time": null,
            "restore_source_name": null,
            "restore_source_table_arn": null,
            "restore_to_latest_time": null,
            "server_side_encryption": [],
            "stream_arn": "",
            "stream_enabled": false,
            "stream_label": "",
            "stream_view_type": "",
            "table_class": "STANDARD",
            "tags": {},
            "tags_all": {},
            "timeouts": null,
            "ttl": [
              {
                "attribute_name": "",
                "enabled": false
              }
            ],
            "write_capacity": 0
          },
          "sensitive_attributes": [],
          "private": "eyJlMmJmYjczMC1lY2FhLTExZTYtOGY4OC0zNDM2M2JjN2M0YzAiOnsiY3JlYXRlIjoxODAwMDAwMDAwMDAwLCJkZWxldGUiOjYwMDAwMDAwMDAwMCwidXBkYXRlIjozNjAwMDAwMDAwMDAwfSwic2NoZW1hX3ZlcnNpb24iOiIxIn0="
        }
      ]
    },
    {
      "mode": "managed",
      "type": "aws_iam_role",
      "name": "cnm-sender",
      "provider": "provider[\"registry.terraform.io/hashicorp/aws\"]",
      "instances": [
        {
          "schema_version": 0,
          "attributes": {
            "arn": "arn:aws:iam::097260566921:role/ctorm-cnm-sender-role",
            "assume_role_policy": "{\"Statement\":[{\"Action\":\"sts:AssumeRole\",\"Effect\":\"Allow\",\"Principal\":{\"Service\":\"lambda.amazonaws.com\"}}],\"Version\":\"2012-10-17\"}",
            "create_date": "2026-06-25T02:40:48Z",
            "description": "",
            "force_detach_policies": false,
            "id": "ctorm-cnm-sender-role",
            "inline_policy": [
              {
                "name": "ctorm-cnm-sender-policy",
                "policy": "{\"Version\":\"2012-10-17\",\"Statement\":[{\"Action\":[\"logs:PutLogEvents\",\"logs:CreateLogStream\"],\"Effect\":\"Allow\",\"Resource\":\"arn:aws:logs:us-west-2:097260566921:log-group:/aws/lambda/ctorm-cnm-sender:*\"},{\"Action\":[\"sqs:ReceiveMessage\",\"sqs:GetQueueAttributes\",\"sqs:DeleteMessage\"],\"Effect\":\"Allow\",\"Resource\":\"arn:aws:sqs:us-west-2:097260566921:ctorm-granules\"},{\"Action\":[\"sqs:SendMessageBatch\",\"sqs:SendMessage\"],\"Effect\":\"Allow\",\"Resource\":\"arn:aws:sqs:us-west-2:123456789012:cumulus-ingest\"},{\"Action\":[\"dynamodb:UpdateItem\",\"dynamodb:Query\",\"dynamodb:PutItem\",\"dynamodb:GetItem\"],\"Effect\":\"Allow\",\"Resource\":\"arn:aws:dynamodb:us-west-2:097260566921:table/ctorm-granules\"}]}"
              },
              {
                "name": "ctorm-scratch-access",
                "policy": "{\"Version\":\"2012-10-17\",\"Statement\":[{\"Action\":[\"s3:PutObject\",\"s3:ListBucket\",\"s3:GetObject\",\"s3:DeleteObject\"],\"Effect\":\"Allow\",\"Resource\":[\"arn:aws:s3:::ctorm-scratch/*\",\"arn:aws:s3:::ctorm-scratch\"]}]}"
              }
            ],
            "managed_policy_arns": [],
            "max_session_duration": 3600,
            "name": "ctorm-cnm-sender-role",
            "name_prefix": "",
            "path": "/",
            "permissions_boundary": "",
            "tags": {},
            "tags_all": {},
            "unique_id": "AROARNJJOPGE3PVM46W7W"
          },
          "sensitive_attributes": [],
          "private": "bnVsbA==",
          "dependencies": [
            "data.aws_iam_policy_document.lambda_assume_role"
          ]
        }
      ]
    },
    {
      "mode": "managed",
      "type": "aws_iam_role",
      "name": "cumulus_db_md_extract_upload",
      "provider": "provider[\"registry.terraform.io/hashicorp/aws\"]",
      "instances": [
        {
          "schema_version": 0,
          "attributes": {
            "arn": "arn:aws:iam::097260566921:role/ctorm-cumulus-db-md-extract-upload",
            "assume_role_policy": "{\"Statement\":[{\"Action\":\"sts:AssumeRole\",\"Condition\":{\"ArnLike\":{\"aws:PrincipalArn\":[\"arn:aws:iam::725875338589:role/ctorm-cumulus-db-md-extract-role\",\"arn:aws:iam::725875338589:role/ctorm-*-cumulus-db-md-extract-role\",\"arn:aws:iam::871271927522:role/ctorm-cumulus-db-md-extract-role\",\"arn:aws:iam::871271927522:role/ctorm-*-cumulus-db-md-extract-role\",\"arn:aws:iam::372059463218:role/ctorm-cumulus-db-md-extract-role\",\"arn:aws:iam::372059463218:role/ctorm-*-cumulus-db-md-extract-role\",\"arn:aws:iam::097260566921:role/ctorm-cumulus-db-md-extract-role\",\"arn:aws:iam::097260566921:role/ctorm-*-cumulus-db-md-extract-role\",\"arn:aws:iam::082931748743:role/ctorm-cumulus-db-md-extract-role\",\"arn:aws:iam::082931748743:role/ctorm-*-cumulus-db-md-extract-role\",\"arn:aws:iam::510296831643:role/ctorm-cumulus-db-md-extract-role\",\"arn:aws:iam::510296831643:role/ctorm-*-cumulus-db-md-extract-role\"]}},\"Effect\":\"Allow\",\"Principal\":{\"AWS\":[\"arn:aws:iam::871271927522:root\",\"arn:aws:iam::725875338589:root\",\"arn:aws:iam::510296831643:root\",\"arn:aws:iam::372059463218:root\",\"arn:aws:iam::097260566921:root\",\"arn:aws:iam::082931748743:root\"]}}],\"Version\":\"2012-10-17\"}",
            "create_date": "2026-06-25T02:40:48Z",
            "description": "",
            "force_detach_policies": false,
            "id": "ctorm-cumulus-db-md-extract-upload",
            "inline_policy": [
              {
                "name": "ctorm-cumulus-db-md-extract-upload",
                "policy": "{\"Version\":\"2012-10-17\",\"Statement\":[{\"Action\":[\"s3:PutObject\",\"s3:AbortMultipartUpload\"],\"Effect\":\"Allow\",\"Resource\":\"arn:aws:s3:::ctorm-scratch/cumulus-granules/*\",\"Sid\":\"UploadExtractedGranules\"},{\"Action\":\"s3:ListBucket\",\"Condition\":{\"StringLike\":{\"s3:prefix\":\"cumulus-granules/*\"}},\"Effect\":\"Allow\",\"Resource\":\"arn:aws:s3:::ctorm-scratch\",\"Sid\":\"ListDestinationPrefix\"}]}"
              }
            ],
            "managed_policy_arns": [],
            "max_session_duration": 3600,
            "name": "ctorm-cumulus-db-md-extract-upload",
            "name_prefix": "",
            "path": "/",
            "permissions_boundary": "",
            "tags": {},
            "tags_all": {},
            "unique_id": "AROARNJJOPGE4XUWPCFMM"
          },
          "sensitive_attributes": [],
          "private": "bnVsbA==",
          "dependencies": [
            "data.aws_iam_policy_document.cumulus_db_md_extract_upload_assume_role"
          ]
        }
      ]
    },
    {
      "mode": "managed",
      "type": "aws_iam_role_policy",
      "name": "cnm-sender",
      "provider": "provider[\"registry.terraform.io/hashicorp/aws\"]",
      "instances": [
        {
          "schema_version": 0,
          "attributes": {
            "id": "ctorm-cnm-sender-role:ctorm-cnm-sender-policy",
            "name": "ctorm-cnm-sender-policy",
            "name_prefix": "",
            "policy": "{\"Version\":\"2012-10-17\",\"Statement\":[{\"Action\":[\"logs:PutLogEvents\",\"logs:CreateLogStream\"],\"Effect\":\"Allow\",\"Resource\":\"arn:aws:logs:us-west-2:097260566921:log-group:/aws/lambda/ctorm-cnm-sender:*\"},{\"Action\":[\"sqs:ReceiveMessage\",\"sqs:GetQueueAttributes\",\"sqs:DeleteMessage\"],\"Effect\":\"Allow\",\"Resource\":\"arn:aws:sqs:us-west-2:097260566921:ctorm-granules\"},{\"Action\":[\"sqs:SendMessageBatch\",\"sqs:SendMessage\"],\"Effect\":\"Allow\",\"Resource\":\"arn:aws:sqs:us-west-2:123456789012:cumulus-ingest\"},{\"Action\":[\"dynamodb:UpdateItem\",\"dynamodb:Query\",\"dynamodb:PutItem\",\"dynamodb:GetItem\"],\"Effect\":\"Allow\",\"Resource\":\"arn:aws:dynamodb:us-west-2:097260566921:table/ctorm-granules\"}]}",
            "role": "ctorm-cnm-sender-role"
          },
          "sensitive_attributes": [],
          "private": "bnVsbA==",
          "dependencies": [
            "aws_cloudwatch_log_group.cnm-sender",
            "aws_dynamodb_table.granules",
            "aws_iam_role.cnm-sender",
            "aws_sqs_queue.granules",
            "aws_sqs_queue.granules_dlq",
            "data.aws_iam_policy_document.cnm-sender",
            "data.aws_iam_policy_document.lambda_assume_role"
          ]
        }
      ]
    },
    {
      "mode": "managed",
      "type": "aws_iam_role_policy",
      "name": "cumulus_db_md_extract_upload",
      "provider": "provider[\"registry.terraform.io/hashicorp/aws\"]",
      "instances": [
        {
          "schema_version": 0,
          "attributes": {
            "id": "ctorm-cumulus-db-md-extract-upload:ctorm-cumulus-db-md-extract-upload",
            "name": "ctorm-cumulus-db-md-extract-upload",
            "name_prefix": "",
            "policy": "{\"Version\":\"2012-10-17\",\"Statement\":[{\"Action\":[\"s3:PutObject\",\"s3:AbortMultipartUpload\"],\"Effect\":\"Allow\",\"Resource\":\"arn:aws:s3:::ctorm-scratch/cumulus-granules/*\",\"Sid\":\"UploadExtractedGranules\"},{\"Action\":\"s3:ListBucket\",\"Condition\":{\"StringLike\":{\"s3:prefix\":\"cumulus-granules/*\"}},\"Effect\":\"Allow\",\"Resource\":\"arn:aws:s3:::ctorm-scratch\",\"Sid\":\"ListDestinationPrefix\"}]}",
            "role": "ctorm-cumulus-db-md-extract-upload"
          },
          "sensitive_attributes": [],
          "private": "bnVsbA==",
          "dependencies": [
            "aws_iam_role.cumulus_db_md_extract_upload",
            "aws_s3_bucket.scratch",
            "data.aws_iam_policy_document.cumulus_db_md_extract_upload",
            "data.aws_iam_policy_document.cumulus_db_md_extract_upload_assume_role"
          ]
        }
      ]
    },
    {
      "mode": "managed",
      "type": "aws_iam_role_policy",
      "name": "scratch_bucket_access",
      "provider": "provider[\"registry.terraform.io/hashicorp/aws\"]",
      "instances": [
        {
          "schema_version": 0,
          "attributes": {
            "id": "ctorm-cnm-sender-role:ctorm-scratch-access",
            "name": "ctorm-scratch-access",
            "name_prefix": "",
            "policy": "{\"Version\":\"2012-10-17\",\"Statement\":[{\"Action\":[\"s3:PutObject\",\"s3:ListBucket\",\"s3:GetObject\",\"s3:DeleteObject\"],\"Effect\":\"Allow\",\"Resource\":[\"arn:aws:s3:::ctorm-scratch/*\",\"arn:aws:s3:::ctorm-scratch\"]}]}",
            "role": "ctorm-cnm-sender-role"
          },
          "sensitive_attributes": [],
          "private": "bnVsbA==",
          "dependencies": [
            "aws_iam_role.cnm-sender",
            "aws_s3_bucket.scratch",
            "data.aws_iam_policy_document.allow_scratch_bucket_access",
            "data.aws_iam_policy_document.lambda_assume_role"
          ]
        }
      ]
    },
    {
      "mode": "managed",
      "type": "aws_lambda_function",
      "name": "cnm-sender",
      "provider": "provider[\"registry.terraform.io/hashicorp/aws\"]",
      "instances": [
        {
          "schema_version": 0,
          "attributes": {
            "architectures": [
              "x86_64"
            ],
            "arn": "arn:aws:lambda:us-west-2:097260566921:function:ctorm-cnm-sender",
            "code_sha256": "3LlHRfCJOFrEdSXuSJS7yAtDPL5jCGSISf9F24E6zFY=",
            "code_signing_config_arn": "",
            "dead_letter_config": [],
            "description": "",
            "environment": [
              {
                "variables": {
                  "CUMULUS_INGEST_QUEUE_URL": "https://sqs.us-west-2.amazonaws.com/123456789012/cumulus-ingest",
                  "GRANULES_QUEUE_URL": "https://sqs.us-west-2.amazonaws.com/097260566921/ctorm-granules",
                  "LOG_LEVEL": "INFO",
                  "TABLE_NAME": "ctorm-granules"
                }
              }
            ],
            "ephemeral_storage": [
              {
                "size": 512
              }
            ],
            "file_system_config": [],
            "filename": "./placeholder-lambda.zip",
            "function_name": "ctorm-cnm-sender",
            "handler": "load_tester.lambda_handler",
            "id": "ctorm-cnm-sender",
            "image_config": [],
            "image_uri": "",
            "invoke_arn": "arn:aws:apigateway:us-west-2:lambda:path/2015-03-31/functions/arn:aws:lambda:us-west-2:097260566921:function:ctorm-cnm-sender/invocations",
            "kms_key_arn": "",
            "last_modified": "2026-06-25T02:41:40.841+0000",
            "layers": [],
            "logging_config": [
              {
                "application_log_level": "",
                "log_format": "Text",
                "log_group": "/aws/lambda/ctorm-cnm-sender",
                "system_log_level": ""
              }
            ],
            "memory_size": 512,
            "package_type": "Zip",
            "publish": false,
            "qualified_arn": "arn:aws:lambda:us-west-2:097260566921:function:ctorm-cnm-sender:$LATEST",
            "qualified_invoke_arn": "arn:aws:apigateway:us-west-2:lambda:path/2015-03-31/functions/arn:aws:lambda:us-west-2:097260566921:function:ctorm-cnm-sender:$LATEST/invocations",
            "replace_security_groups_on_destroy": null,
            "replacement_security_group_ids": null,
            "reserved_concurrent_executions": -1,
            "role": "arn:aws:iam::097260566921:role/ctorm-cnm-sender-role",
            "runtime": "python3.12",
            "s3_bucket": null,
            "s3_key": null,
            "s3_object_version": null,
            "signing_job_arn": "",
            "signing_profile_version_arn": "",
            "skip_destroy": false,
            "snap_start": [],
            "source_code_hash": "3LlHRfCJOFrEdSXuSJS7yAtDPL5jCGSISf9F24E6zFY=",
            "source_code_size": 344,
            "tags": {},
            "tags_all": {},
            "timeout": 120,
            "timeouts": null,
            "tracing_config": [
              {
                "mode": "PassThrough"
              }
            ],
            "version": "$LATEST",
            "vpc_config": []
          },
          "sensitive_attributes": [],
          "private": "eyJlMmJmYjczMC1lY2FhLTExZTYtOGY4OC0zNDM2M2JjN2M0YzAiOnsiY3JlYXRlIjo2MDAwMDAwMDAwMDAsImRlbGV0ZSI6NjAwMDAwMDAwMDAwLCJ1cGRhdGUiOjYwMDAwMDAwMDAwMH19",
          "dependencies": [
            "aws_cloudwatch_log_group.cnm-sender",
            "aws_dynamodb_table.granules",
            "aws_iam_role.cnm-sender",
            "aws_iam_role_policy.cnm-sender",
            "aws_sqs_queue.granules",
            "aws_sqs_queue.granules_dlq",
            "data.archive_file.placeholder_lambda",
            "data.aws_iam_policy_document.cnm-sender",
            "data.aws_iam_policy_document.lambda_assume_role"
          ]
        }
      ]
    },
    {
      "mode": "managed",
      "type": "aws_lambda_permission",
      "name": "allow_eventbridge",
      "provider": "provider[\"registry.terraform.io/hashicorp/aws\"]",
      "instances": [
        {
          "schema_version": 0,
          "attributes": {
            "action": "lambda:InvokeFunction",
            "event_source_token": null,
            "function_name": "ctorm-cnm-sender",
            "function_url_auth_type": null,
            "id": "AllowExecutionFromEventBridge",
            "principal": "events.amazonaws.com",
            "principal_org_id": null,
            "qualifier": "",
            "source_account": null,
            "source_arn": "arn:aws:events:us-west-2:097260566921:rule/ctorm-every-minute",
            "statement_id": "AllowExecutionFromEventBridge",
            "statement_id_prefix": ""
          },
          "sensitive_attributes": [],
          "private": "bnVsbA==",
          "dependencies": [
            "aws_cloudwatch_event_rule.every_minute",
            "aws_cloudwatch_log_group.cnm-sender",
            "aws_dynamodb_table.granules",
            "aws_iam_role.cnm-sender",
            "aws_iam_role_policy.cnm-sender",
            "aws_lambda_function.cnm-sender",
            "aws_sqs_queue.granules",
            "aws_sqs_queue.granules_dlq",
            "data.archive_file.placeholder_lambda",
            "data.aws_iam_policy_document.cnm-sender",
            "data.aws_iam_policy_document.lambda_assume_role"
          ]
        }
      ]
    },
    {
      "mode": "managed",
      "type": "aws_s3_bucket",
      "name": "scratch",
      "provider": "provider[\"registry.terraform.io/hashicorp/aws\"]",
      "instances": [
        {
          "schema_version": 0,
          "attributes": {
            "acceleration_status": "",
            "acl": null,
            "arn": "arn:aws:s3:::ctorm-scratch",
            "bucket": "ctorm-scratch",
            "bucket_domain_name": "ctorm-scratch.s3.amazonaws.com",
            "bucket_prefix": "",
            "bucket_regional_domain_name": "ctorm-scratch.s3.us-west-2.amazonaws.com",
            "cors_rule": [],
            "force_destroy": false,
            "grant": [
              {
                "id": "acf107f3e4152ef966bdafe272bf3bb6feacb31359eb02368d07dd590c64837a",
                "permissions": [
                  "FULL_CONTROL"
                ],
                "type": "CanonicalUser",
                "uri": ""
              }
            ],
            "hosted_zone_id": "Z3BJ6K6RIION7M",
            "id": "ctorm-scratch",
            "lifecycle_rule": [],
            "logging": [],
            "object_lock_configuration": [],
            "object_lock_enabled": false,
            "policy": "",
            "region": "us-west-2",
            "replication_configuration": [],
            "request_payer": "BucketOwner",
            "server_side_encryption_configuration": [
              {
                "rule": [
                  {
                    "apply_server_side_encryption_by_default": [
                      {
                        "kms_master_key_id": "",
                        "sse_algorithm": "AES256"
                      }
                    ],
                    "bucket_key_enabled": false
                  }
                ]
              }
            ],
            "tags": {
              "Name": "ctorm-scratch"
            },
            "tags_all": {
              "Name": "ctorm-scratch"
            },
            "timeouts": null,
            "versioning": [
              {
                "enabled": false,
                "mfa_delete": false
              }
            ],
            "website": [],
            "website_domain": null,
            "website_endpoint": null
          },
          "sensitive_attributes": [],
          "private": "eyJlMmJmYjczMC1lY2FhLTExZTYtOGY4OC0zNDM2M2JjN2M0YzAiOnsiY3JlYXRlIjoxMjAwMDAwMDAwMDAwLCJkZWxldGUiOjM2MDAwMDAwMDAwMDAsInJlYWQiOjEyMDAwMDAwMDAwMDAsInVwZGF0ZSI6MTIwMDAwMDAwMDAwMH19"
        }
      ]
    },
    {
      "mode": "managed",
      "type": "aws_sqs_queue",
      "name": "granules",
      "provider": "provider[\"registry.terraform.io/hashicorp/aws\"]",
      "instances": [
        {
          "schema_version": 0,
          "attributes": {
            "arn": "arn:aws:sqs:us-west-2:097260566921:ctorm-granules",
            "content_based_deduplication": false,
            "deduplication_scope": "",
            "delay_seconds": 0,
            "fifo_queue": false,
            "fifo_throughput_limit": "",
            "id": "https://sqs.us-west-2.amazonaws.com/097260566921/ctorm-granules",
            "kms_data_key_reuse_period_seconds": 300,
            "kms_master_key_id": "",
            "max_message_size": 262144,
            "message_retention_seconds": 345600,
            "name": "ctorm-granules",
            "name_prefix": "",
            "policy": "",
            "receive_wait_time_seconds": 0,
            "redrive_allow_policy": "",
            "redrive_policy": "{\"deadLetterTargetArn\":\"arn:aws:sqs:us-west-2:097260566921:ctorm-granule-dlq\",\"maxReceiveCount\":5}",
            "sqs_managed_sse_enabled": true,
            "tags": {},
            "tags_all": {},
            "timeouts": null,
            "url": "https://sqs.us-west-2.amazonaws.com/097260566921/ctorm-granules",
            "visibility_timeout_seconds": 180
          },
          "sensitive_attributes": [],
          "private": "eyJlMmJmYjczMC1lY2FhLTExZTYtOGY4OC0zNDM2M2JjN2M0YzAiOnsiY3JlYXRlIjoxODAwMDAwMDAwMDAsImRlbGV0ZSI6MTgwMDAwMDAwMDAwLCJ1cGRhdGUiOjE4MDAwMDAwMDAwMH19",
          "dependencies": [
            "aws_sqs_queue.granules_dlq"
          ]
        }
      ]
    },
    {
      "mode": "managed",
      "type": "aws_sqs_queue",
      "name": "granules_dlq",
      "provider": "provider[\"registry.terraform.io/hashicorp/aws\"]",
      "instances": [
        {
          "schema_version": 0,
          "attributes": {
            "arn": "arn:aws:sqs:us-west-2:097260566921:ctorm-granule-dlq",
            "content_based_deduplication": false,
            "deduplication_scope": "",
            "delay_seconds": 0,
            "fifo_queue": false,
            "fifo_throughput_limit": "",
            "id": "https://sqs.us-west-2.amazonaws.com/097260566921/ctorm-granule-dlq",
            "kms_data_key_reuse_period_seconds": 300,
            "kms_master_key_id": "",
            "max_message_size": 262144,
            "message_retention_seconds": 345600,
            "name": "ctorm-granule-dlq",
            "name_prefix": "",
            "policy": "",
            "receive_wait_time_seconds": 0,
            "redrive_allow_policy": "",
            "redrive_policy": "",
            "sqs_managed_sse_enabled": true,
            "tags": {},
            "tags_all": {},
            "timeouts": null,
            "url": "https://sqs.us-west-2.amazonaws.com/097260566921/ctorm-granule-dlq",
            "visibility_timeout_seconds": 30
          },
          "sensitive_attributes": [],
          "private": "eyJlMmJmYjczMC1lY2FhLTExZTYtOGY4OC0zNDM2M2JjN2M0YzAiOnsiY3JlYXRlIjoxODAwMDAwMDAwMDAsImRlbGV0ZSI6MTgwMDAwMDAwMDAwLCJ1cGRhdGUiOjE4MDAwMDAwMDAwMH19"
        }
      ]
    }
  ],
  "check_results": null
}
