{
  "version": 4,
  "terraform_version": "1.9.2",
  "serial": 9,
  "lineage": "848003f0-637c-6830-7392-8ca48da894a1",
  "outputs": {
    "granule_table_name": {
      "value": "ctorm-dev-granules",
      "type": "string"
    },
    "granules_dlq_url": {
      "value": "https://sqs.us-west-2.amazonaws.com/871271927522/ctorm-dev-granule-dlq",
      "type": "string"
    },
    "granules_queue_arn": {
      "value": "arn:aws:sqs:us-west-2:871271927522:ctorm-dev-granules",
      "type": "string"
    },
    "granules_queue_url": {
      "value": "https://sqs.us-west-2.amazonaws.com/871271927522/ctorm-dev-granules",
      "type": "string"
    },
    "scratch_bucket": {
      "value": "ctorm-dev-scratch",
      "type": "string"
    },
    "worker_lambda_name": {
      "value": "ctorm-dev-cnm-sender",
      "type": "string"
    }
  },
  "resources": [
    {
      "mode": "data",
      "type": "archive_file",
      "name": "placeholder_lambda",
      "provider": "provider[\"registry.terraform.io/hashicorp/archive\"]",
      "instances": [
        {
          "schema_version": 0,
          "attributes": {
            "exclude_symlink_directories": null,
            "excludes": null,
            "id": "7451212364088fb05c08860c9d80f78e29fa76b5",
            "output_base64sha256": "3LlHRfCJOFrEdSXuSJS7yAtDPL5jCGSISf9F24E6zFY=",
            "output_base64sha512": "Kf1anE514t1db0WYLXSHASh7M23HxVS30uaMvh8f1CIpaAZXUvQtOBUrPgjvsxbko7IVN0lQ3U5t+ssVEs5A0Q==",
            "output_file_mode": null,
            "output_md5": "94564c5dd9caf22baaf170b00693c497",
            "output_path": "./placeholder-lambda.zip",
            "output_sha": "7451212364088fb05c08860c9d80f78e29fa76b5",
            "output_sha256": "dcb94745f089385ac47525ee4894bbc80b433cbe6308648849ff45db813acc56",
            "output_sha512": "29fd5a9c4e75e2dd5d6f45982d748701287b336dc7c554b7d2e68cbe1f1fd4222968065752f42d38152b3e08efb316e4a3b215374950dd4e6dfacb1512ce40d1",
            "output_size": 344,
            "source": [
              {
                "content": "import json\nimport os\n\ndef lambda_handler(event, context):\n    print(json.dumps({\n        \"event\": event,\n        \"granules_queue_url\": os.environ.get(\"GRANULES_QUEUE_URL\"),\n        \"table_name\": os.environ.get(\"TABLE_NAME\"),\n        \"cumulus_ingest_queue_url\": os.environ.get(\"CUMULUS_INGEST_QUEUE_URL\"),\n    }))\n\n    return {\n        \"ok\": True\n    }\n",
                "filename": "index.py"
              }
            ],
            "source_content": null,
            "source_content_filename": null,
            "source_dir": null,
            "source_file": null,
            "type": "zip"
          },
          "sensitive_attributes": []
        }
      ]
    },
    {
      "mode": "data",
      "type": "aws_iam_policy_document",
      "name": "cumulus_db_md_extract_upload_assume_role",
      "provider": "provider[\"registry.terraform.io/hashicorp/aws\"]",
      "instances": [
        {
          "schema_version": 0,
          "attributes": {
            "id": "2827657917",
            "json": "{\n  \"Version\": \"2012-10-17\",\n  \"Statement\": [\n    {\n      \"Effect\": \"Allow\",\n      \"Action\": \"sts:AssumeRole\",\n      \"Principal\": {\n        \"AWS\": [\n          \"arn:aws:iam::871271927522:root\",\n          \"arn:aws:iam::725875338589:root\",\n          \"arn:aws:iam::510296831643:root\",\n          \"arn:aws:iam::372059463218:root\",\n          \"arn:aws:iam::097260566921:root\",\n          \"arn:aws:iam::082931748743:root\"\n        ]\n      },\n      \"Condition\": {\n        \"ArnLike\": {\n          \"aws:PrincipalArn\": [\n            \"arn:aws:iam::725875338589:role/ctorm-cumulus-db-md-extract-role\",\n            \"arn:aws:iam::725875338589:role/ctorm-*-cumulus-db-md-extract-role\",\n            \"arn:aws:iam::871271927522:role/ctorm-cumulus-db-md-extract-role\",\n            \"arn:aws:iam::871271927522:role/ctorm-*-cumulus-db-md-extract-role\",\n            \"arn:aws:iam::372059463218:role/ctorm-cumulus-db-md-extract-role\",\n            \"arn:aws:iam::372059463218:role/ctorm-*-cumulus-db-md-extract-role\",\n            \"arn:aws:iam::097260566921:role/ctorm-cumulus-db-md-extract-role\",\n            \"arn:aws:iam::097260566921:role/ctorm-*-cumulus-db-md-extract-role\",\n            \"arn:aws:iam::082931748743:role/ctorm-cumulus-db-md-extract-role\",\n            \"arn:aws:iam::082931748743:role/ctorm-*-cumulus-db-md-extract-role\",\n            \"arn:aws:iam::510296831643:role/ctorm-cumulus-db-md-extract-role\",\n            \"arn:aws:iam::510296831643:role/ctorm-*-cumulus-db-md-extract-role\"\n          ]\n        }\n      }\n    }\n  ]\n}",
            "minified_json": "{\"Version\":\"2012-10-17\",\"Statement\":[{\"Effect\":\"Allow\",\"Action\":\"sts:AssumeRole\",\"Principal\":{\"AWS\":[\"arn:aws:iam::871271927522:root\",\"arn:aws:iam::725875338589:root\",\"arn:aws:iam::510296831643:root\",\"arn:aws:iam::372059463218:root\",\"arn:aws:iam::097260566921:root\",\"arn:aws:iam::082931748743:root\"]},\"Condition\":{\"ArnLike\":{\"aws:PrincipalArn\":[\"arn:aws:iam::725875338589:role/ctorm-cumulus-db-md-extract-role\",\"arn:aws:iam::725875338589:role/ctorm-*-cumulus-db-md-extract-role\",\"arn:aws:iam::871271927522:role/ctorm-cumulus-db-md-extract-role\",\"arn:aws:iam::871271927522:role/ctorm-*-cumulus-db-md-extract-role\",\"arn:aws:iam::372059463218:role/ctorm-cumulus-db-md-extract-role\",\"arn:aws:iam::372059463218:role/ctorm-*-cumulus-db-md-extract-role\",\"arn:aws:iam::097260566921:role/ctorm-cumulus-db-md-extract-role\",\"arn:aws:iam::097260566921:role/ctorm-*-cumulus-db-md-extract-role\",\"arn:aws:iam::082931748743:role/ctorm-cumulus-db-md-extract-role\",\"arn:aws:iam::082931748743:role/ctorm-*-cumulus-db-md-extract-role\",\"arn:aws:iam::510296831643:role/ctorm-cumulus-db-md-extract-role\",\"arn:aws:iam::510296831643:role/ctorm-*-cumulus-db-md-extract-role\"]}}}]}",
            "override_json": null,
            "override_policy_documents": null,
            "policy_id": null,
            "source_json": null,
            "source_policy_documents": null,
            "statement": [
              {
                "actions": [
                  "sts:AssumeRole"
                ],
                "condition": [
                  {
                    "test": "ArnLike",
                    "values": [
                      "arn:aws:iam::725875338589:role/ctorm-cumulus-db-md-extract-role",
                      "arn:aws:iam::725875338589:role/ctorm-*-cumulus-db-md-extract-role",
                      "arn:aws:iam::871271927522:role/ctorm-cumulus-db-md-extract-role",
                      "arn:aws:iam::871271927522:role/ctorm-*-cumulus-db-md-extract-role",
                      "arn:aws:iam::372059463218:role/ctorm-cumulus-db-md-extract-role",
                      "arn:aws:iam::372059463218:role/ctorm-*-cumulus-db-md-extract-role",
                      "arn:aws:iam::097260566921:role/ctorm-cumulus-db-md-extract-role",
                      "arn:aws:iam::097260566921:role/ctorm-*-cumulus-db-md-extract-role",
                      "arn:aws:iam::082931748743:role/ctorm-cumulus-db-md-extract-role",
                      "arn:aws:iam::082931748743:role/ctorm-*-cumulus-db-md-extract-role",
                      "arn:aws:iam::510296831643:role/ctorm-cumulus-db-md-extract-role",
                      "arn:aws:iam::510296831643:role/ctorm-*-cumulus-db-md-extract-role"
                    ],
                    "variable": "aws:PrincipalArn"
                  }
                ],
                "effect": "Allow",
                "not_actions": [],
                "not_principals": [],
                "not_resources": [],
                "principals": [
                  {
                    "identifiers": [
                      "arn:aws:iam::082931748743:root",
                      "arn:aws:iam::097260566921:root",
                      "arn:aws:iam::372059463218:root",
                      "arn:aws:iam::510296831643:root",
                      "arn:aws:iam::725875338589:root",
                      "arn:aws:iam::871271927522:root"
                    ],
                    "type": "AWS"
                  }
                ],
                "resources": [],
                "sid": ""
              }
            ],
            "version": "2012-10-17"
          },
          "sensitive_attributes": []
        }
      ]
    },
    {
      "mode": "data",
      "type": "aws_iam_policy_document",
      "name": "lambda_assume_role",
      "provider": "provider[\"registry.terraform.io/hashicorp/aws\"]",
      "instances": [
        {
          "schema_version": 0,
          "attributes": {
            "id": "2690255455",
            "json": "{\n  \"Version\": \"2012-10-17\",\n  \"Statement\": [\n    {\n      \"Effect\": \"Allow\",\n      \"Action\": \"sts:AssumeRole\",\n      \"Principal\": {\n        \"Service\": \"lambda.amazonaws.com\"\n      }\n    }\n  ]\n}",
            "minified_json": "{\"Version\":\"2012-10-17\",\"Statement\":[{\"Effect\":\"Allow\",\"Action\":\"sts:AssumeRole\",\"Principal\":{\"Service\":\"lambda.amazonaws.com\"}}]}",
            "override_json": null,
            "override_policy_documents": null,
            "policy_id": null,
            "source_json": null,
            "source_policy_documents": null,
            "statement": [
              {
                "actions": [
                  "sts:AssumeRole"
                ],
                "condition": [],
                "effect": "Allow",
                "not_actions": [],
                "not_principals": [],
                "not_resources": [],
                "principals": [
                  {
                    "identifiers": [
                      "lambda.amazonaws.com"
                    ],
                    "type": "Service"
                  }
                ],
                "resources": [],
                "sid": ""
              }
            ],
            "version": "2012-10-17"
          },
          "sensitive_attributes": []
        }
      ]
    },
    {
      "mode": "managed",
      "type": "aws_cloudwatch_event_rule",
      "name": "every_minute",
      "provider": "provider[\"registry.terraform.io/hashicorp/aws\"]",
      "instances": [
        {
          "schema_version": 1,
          "attributes": {
            "arn": "arn:aws:events:us-west-2:871271927522:rule/ctorm-dev-every-minute",
            "description": "",
            "event_bus_name": "default",
            "event_pattern": null,
            "force_destroy": false,
            "id": "ctorm-dev-every-minute",
            "is_enabled": false,
            "name": "ctorm-dev-every-minute",
            "name_prefix": "",
            "role_arn": "",
            "schedule_expression": "rate(1 minute)",
            "state": "DISABLED",
            "tags": null,
            "tags_all": {}
          },
          "sensitive_attributes": [],
          "private": "eyJzY2hlbWFfdmVyc2lvbiI6IjEifQ=="
        }
      ]
    },
    {
      "mode": "managed",
      "type": "aws_sqs_queue",
      "name": "granules",
      "provider": "provider[\"registry.terraform.io/hashicorp/aws\"]",
      "instances": [
        {
          "schema_version": 0,
          "attributes": {
            "arn": "arn:aws:sqs:us-west-2:871271927522:ctorm-dev-granules",
            "content_based_deduplication": false,
            "deduplication_scope": "",
            "delay_seconds": 0,
            "fifo_queue": false,
            "fifo_throughput_limit": "",
            "id": "https://sqs.us-west-2.amazonaws.com/871271927522/ctorm-dev-granules",
            "kms_data_key_reuse_period_seconds": 300,
            "kms_master_key_id": "",
            "max_message_size": 262144,
            "message_retention_seconds": 345600,
            "name": "ctorm-dev-granules",
            "name_prefix": "",
            "policy": "",
            "receive_wait_time_seconds": 0,
            "redrive_allow_policy": "",
            "redrive_policy": "{\"deadLetterTargetArn\":\"arn:aws:sqs:us-west-2:871271927522:ctorm-dev-granule-dlq\",\"maxReceiveCount\":5}",
            "sqs_managed_sse_enabled": true,
            "tags": null,
            "tags_all": {},
            "timeouts": null,
            "url": "https://sqs.us-west-2.amazonaws.com/871271927522/ctorm-dev-granules",
            "visibility_timeout_seconds": 180
          },
          "sensitive_attributes": [],
          "private": "eyJlMmJmYjczMC1lY2FhLTExZTYtOGY4OC0zNDM2M2JjN2M0YzAiOnsiY3JlYXRlIjoxODAwMDAwMDAwMDAsImRlbGV0ZSI6MTgwMDAwMDAwMDAwLCJ1cGRhdGUiOjE4MDAwMDAwMDAwMH19",
          "dependencies": [
            "aws_sqs_queue.granules_dlq"
          ]
        }
      ]
    },
    {
      "mode": "managed",
      "type": "aws_sqs_queue",
      "name": "granules_dlq",
      "provider": "provider[\"registry.terraform.io/hashicorp/aws\"]",
      "instances": [
        {
          "schema_version": 0,
          "attributes": {
            "arn": "arn:aws:sqs:us-west-2:871271927522:ctorm-dev-granule-dlq",
            "content_based_deduplication": false,
            "deduplication_scope": "",
            "delay_seconds": 0,
            "fifo_queue": false,
            "fifo_throughput_limit": "",
            "id": "https://sqs.us-west-2.amazonaws.com/871271927522/ctorm-dev-granule-dlq",
            "kms_data_key_reuse_period_seconds": 300,
            "kms_master_key_id": "",
            "max_message_size": 262144,
            "message_retention_seconds": 345600,
            "name": "ctorm-dev-granule-dlq",
            "name_prefix": "",
            "policy": "",
            "receive_wait_time_seconds": 0,
            "redrive_allow_policy": "",
            "redrive_policy": "",
            "sqs_managed_sse_enabled": true,
            "tags": null,
            "tags_all": {},
            "timeouts": null,
            "url": "https://sqs.us-west-2.amazonaws.com/871271927522/ctorm-dev-granule-dlq",
            "visibility_timeout_seconds": 30
          },
          "sensitive_attributes": [],
          "private": "eyJlMmJmYjczMC1lY2FhLTExZTYtOGY4OC0zNDM2M2JjN2M0YzAiOnsiY3JlYXRlIjoxODAwMDAwMDAwMDAsImRlbGV0ZSI6MTgwMDAwMDAwMDAwLCJ1cGRhdGUiOjE4MDAwMDAwMDAwMH19"
        }
      ]
    }
  ],
  "check_results": null
}
